// !$*UTF8*$!
{
	archiveVersion = 1;
	classes = {
	};
	objectVersion = 46;
	objects = {

/* Begin PBXBuildFile section */
		6129761518E798EE000C1422 /* GTMOAuth2ViewTouch.xib in Resources */ = {isa = PBXBuildFile; fileRef = 6129760018E798EE000C1422 /* GTMOAuth2ViewTouch.xib */; };
		6129761618E798EE000C1422 /* GTMOAuth2ViewTouch.xib in Resources */ = {isa = PBXBuildFile; fileRef = 6129760E18E798EE000C1422 /* GTMOAuth2ViewTouch.xib */; };
		6129761718E798EE000C1422 /* GTLCalendar_Sources.m in Sources */ = {isa = PBXBuildFile; fileRef = 6129761018E798EE000C1422 /* GTLCalendar_Sources.m */; settings = {COMPILER_FLAGS = "-fno-objc-arc"; }; };
		6129761818E798EE000C1422 /* test-Info.plist in Resources */ = {isa = PBXBuildFile; fileRef = 6129761218E798EE000C1422 /* test-Info.plist */; };
		6129761918E798EE000C1422 /* GTLCommon_Sources.m in Sources */ = {isa = PBXBuildFile; fileRef = 6129761318E798EE000C1422 /* GTLCommon_Sources.m */; settings = {COMPILER_FLAGS = "-fno-objc-arc"; }; };
		6129761A18E798EE000C1422 /* GTLNetworking_Sources.m in Sources */ = {isa = PBXBuildFile; fileRef = 6129761418E798EE000C1422 /* GTLNetworking_Sources.m */; settings = {COMPILER_FLAGS = "-fno-objc-arc"; }; };
		6129761C18E7997C000C1422 /* FacebookSDK.framework in Frameworks */ = {isa = PBXBuildFile; fileRef = 6129761B18E7997C000C1422 /* FacebookSDK.framework */; };
		612979D818E7A469000C1422 /* AudioToolbox.framework in Frameworks */ = {isa = PBXBuildFile; fileRef = 612979D718E7A469000C1422 /* AudioToolbox.framework */; };
		612979DB18E7A538000C1422 /* OpenEars.framework in Frameworks */ = {isa = PBXBuildFile; fileRef = 612979D918E7A538000C1422 /* OpenEars.framework */; };
		612979DC18E7A538000C1422 /* Slt.framework in Frameworks */ = {isa = PBXBuildFile; fileRef = 612979DA18E7A538000C1422 /* Slt.framework */; };
		61FA87E118E7D32800BBEBA2 /* launch.png in Resources */ = {isa = PBXBuildFile; fileRef = 61FA87DF18E7D32800BBEBA2 /* launch.png */; };
		61FA87E218E7D32800BBEBA2 /* logo.png in Resources */ = {isa = PBXBuildFile; fileRef = 61FA87E018E7D32800BBEBA2 /* logo.png */; };
		7AC1BB9E18E7D78C00D7255F /* Accounts.framework in Frameworks */ = {isa = PBXBuildFile; fileRef = 7AC1BB9D18E7D78C00D7255F /* Accounts.framework */; };
		7AC1BBA018E7D79600D7255F /* Twitter.framework in Frameworks */ = {isa = PBXBuildFile; fileRef = 7AC1BB9F18E7D79600D7255F /* Twitter.framework */; };
		7AC1BBA218E7D7A000D7255F /* Social.framework in Frameworks */ = {isa = PBXBuildFile; fileRef = 7AC1BBA118E7D7A000D7255F /* Social.framework */; };
		7AC1BC1418E7D8E700D7255F /* ios.png in Resources */ = {isa = PBXBuildFile; fileRef = 7AC1BBA518E7D8E700D7255F /* ios.png */; };
		7AC1BC1518E7D8E700D7255F /* osx.png in Resources */ = {isa = PBXBuildFile; fileRef = 7AC1BBA618E7D8E700D7255F /* osx.png */; };
		7AC1BC1618E7D8E700D7255F /* tweet.png in Resources */ = {isa = PBXBuildFile; fileRef = 7AC1BBA718E7D8E700D7255F /* tweet.png */; };
		7AC1BC1718E7D8E700D7255F /* clitter.1 in Resources */ = {isa = PBXBuildFile; fileRef = 7AC1BBAB18E7D8E700D7255F /* clitter.1 */; };
		7AC1BC1818E7D8E700D7255F /* Info.plist in Resources */ = {isa = PBXBuildFile; fileRef = 7AC1BBAC18E7D8E700D7255F /* Info.plist */; };
		7AC1BC1918E7D8E700D7255F /* main.m in Sources */ = {isa = PBXBuildFile; fileRef = 7AC1BBAD18E7D8E700D7255F /* main.m */; };
		7AC1BC1A18E7D8E700D7255F /* README.txt in Resources */ = {isa = PBXBuildFile; fileRef = 7AC1BBB118E7D8E700D7255F /* README.txt */; };
		7AC1BC1B18E7D8E700D7255F /* AppDelegate.m in Sources */ = {isa = PBXBuildFile; fileRef = 7AC1BBB518E7D8E700D7255F /* AppDelegate.m */; };
		7AC1BC1C18E7D8E700D7255F /* InfoPlist.strings in Resources */ = {isa = PBXBuildFile; fileRef = 7AC1BBB618E7D8E700D7255F /* InfoPlist.strings */; };
		7AC1BC1D18E7D8E700D7255F /* Main.storyboard in Resources */ = {isa = PBXBuildFile; fileRef = 7AC1BBB818E7D8E700D7255F /* Main.storyboard */; };
		7AC1BC1E18E7D8E700D7255F /* Images.xcassets in Resources */ = {isa = PBXBuildFile; fileRef = 7AC1BBBA18E7D8E700D7255F /* Images.xcassets */; };
		7AC1BC1F18E7D8E700D7255F /* main.m in Sources */ = {isa = PBXBuildFile; fileRef = 7AC1BBBB18E7D8E700D7255F /* main.m */; };
		7AC1BC2018E7D8E700D7255F /* STTwitterDemoIOS-Info.plist in Resources */ = {isa = PBXBuildFile; fileRef = 7AC1BBBC18E7D8E700D7255F /* STTwitterDemoIOS-Info.plist */; };
		7AC1BC2118E7D8E700D7255F /* ViewController.m in Sources */ = {isa = PBXBuildFile; fileRef = 7AC1BBBF18E7D8E700D7255F /* ViewController.m */; };
		7AC1BC2218E7D8E700D7255F /* Credits.rtf in Resources */ = {isa = PBXBuildFile; fileRef = 7AC1BBC518E7D8E700D7255F /* Credits.rtf */; };
		7AC1BC2318E7D8E700D7255F /* InfoPlist.strings in Resources */ = {isa = PBXBuildFile; fileRef = 7AC1BBC718E7D8E700D7255F /* InfoPlist.strings */; };
		7AC1BC2418E7D8E700D7255F /* MainMenu.xib in Resources */ = {isa = PBXBuildFile; fileRef = 7AC1BBC918E7D8E700D7255F /* MainMenu.xib */; };
		7AC1BC2518E7D8E700D7255F /* AppDelegate.m in Sources */ = {isa = PBXBuildFile; fileRef = 7AC1BBCC18E7D8E700D7255F /* AppDelegate.m */; };
		7AC1BC2618E7D8E700D7255F /* main.m in Sources */ = {isa = PBXBuildFile; fileRef = 7AC1BBD018E7D8E700D7255F /* main.m */; };
		7AC1BC2718E7D8E700D7255F /* STAuthenticationVC.m in Sources */ = {isa = PBXBuildFile; fileRef = 7AC1BBD218E7D8E700D7255F /* STAuthenticationVC.m */; };
		7AC1BC2818E7D8E700D7255F /* STAuthenticationVC.xib in Resources */ = {isa = PBXBuildFile; fileRef = 7AC1BBD318E7D8E700D7255F /* STAuthenticationVC.xib */; };
		7AC1BC2918E7D8E700D7255F /* STClientVC.m in Sources */ = {isa = PBXBuildFile; fileRef = 7AC1BBD518E7D8E700D7255F /* STClientVC.m */; };
		7AC1BC2A18E7D8E700D7255F /* STClientVC.xib in Resources */ = {isa = PBXBuildFile; fileRef = 7AC1BBD618E7D8E700D7255F /* STClientVC.xib */; };
		7AC1BC2B18E7D8E700D7255F /* STConsoleVC.m in Sources */ = {isa = PBXBuildFile; fileRef = 7AC1BBD818E7D8E700D7255F /* STConsoleVC.m */; };
		7AC1BC2C18E7D8E700D7255F /* STConsoleVC.xib in Resources */ = {isa = PBXBuildFile; fileRef = 7AC1BBD918E7D8E700D7255F /* STConsoleVC.xib */; };
		7AC1BC2D18E7D8E700D7255F /* STTwitterDemoOSX-Info.plist in Resources */ = {isa = PBXBuildFile; fileRef = 7AC1BBDA18E7D8E700D7255F /* STTwitterDemoOSX-Info.plist */; };
		7AC1BC2E18E7D8E700D7255F /* LICENCE.txt in Resources */ = {isa = PBXBuildFile; fileRef = 7AC1BBDF18E7D8E700D7255F /* LICENCE.txt */; };
		7AC1BC2F18E7D8E700D7255F /* README.md in Resources */ = {isa = PBXBuildFile; fileRef = 7AC1BBE018E7D8E700D7255F /* README.md */; };
		7AC1BC3018E7D8E700D7255F /* NSDateFormatter+STTwitter.m in Sources */ = {isa = PBXBuildFile; fileRef = 7AC1BBE318E7D8E700D7255F /* NSDateFormatter+STTwitter.m */; };
		7AC1BC3118E7D8E700D7255F /* NSError+STTwitter.m in Sources */ = {isa = PBXBuildFile; fileRef = 7AC1BBE518E7D8E700D7255F /* NSError+STTwitter.m */; };
		7AC1BC3218E7D8E700D7255F /* NSString+STTwitter.m in Sources */ = {isa = PBXBuildFile; fileRef = 7AC1BBE718E7D8E700D7255F /* NSString+STTwitter.m */; };
		7AC1BC3318E7D8E700D7255F /* STHTTPRequest+STTwitter.m in Sources */ = {isa = PBXBuildFile; fileRef = 7AC1BBE918E7D8E700D7255F /* STHTTPRequest+STTwitter.m */; };
		7AC1BC3418E7D8E700D7255F /* STTwitterAPI.m in Sources */ = {isa = PBXBuildFile; fileRef = 7AC1BBEC18E7D8E700D7255F /* STTwitterAPI.m */; };
		7AC1BC3518E7D8E700D7255F /* STTwitterAppOnly.m in Sources */ = {isa = PBXBuildFile; fileRef = 7AC1BBEE18E7D8E700D7255F /* STTwitterAppOnly.m */; };
		7AC1BC3618E7D8E700D7255F /* STTwitterHTML.m in Sources */ = {isa = PBXBuildFile; fileRef = 7AC1BBF018E7D8E700D7255F /* STTwitterHTML.m */; };
		7AC1BC3718E7D8E700D7255F /* STTwitterOAuth.m in Sources */ = {isa = PBXBuildFile; fileRef = 7AC1BBF218E7D8E700D7255F /* STTwitterOAuth.m */; };
		7AC1BC3818E7D8E700D7255F /* STTwitterOS.m in Sources */ = {isa = PBXBuildFile; fileRef = 7AC1BBF418E7D8E700D7255F /* STTwitterOS.m */; };
		7AC1BC3918E7D8E700D7255F /* STTwitterOSRequest.m in Sources */ = {isa = PBXBuildFile; fileRef = 7AC1BBF618E7D8E700D7255F /* STTwitterOSRequest.m */; };
		7AC1BC3A18E7D8E700D7255F /* BAVPlistNode.m in Sources */ = {isa = PBXBuildFile; fileRef = 7AC1BBFA18E7D8E700D7255F /* BAVPlistNode.m */; };
		7AC1BC3B18E7D8E700D7255F /* JSONSyntaxHighlight.m in Sources */ = {isa = PBXBuildFile; fileRef = 7AC1BBFC18E7D8E700D7255F /* JSONSyntaxHighlight.m */; };
		7AC1BC3C18E7D8E700D7255F /* STHTTPRequest.m in Sources */ = {isa = PBXBuildFile; fileRef = 7AC1BBFE18E7D8E700D7255F /* STHTTPRequest.m */; };
		7AC1BC3D18E7D8E700D7255F /* STTwitter.podspec in Resources */ = {isa = PBXBuildFile; fileRef = 7AC1BBFF18E7D8E700D7255F /* STTwitter.podspec */; };
		7AC1BC3E18E7D8E700D7255F /* InfoPlist.strings in Resources */ = {isa = PBXBuildFile; fileRef = 7AC1BC0218E7D8E700D7255F /* InfoPlist.strings */; };
		7AC1BC3F18E7D8E700D7255F /* STHTTPRequest+UnitTests.m in Sources */ = {isa = PBXBuildFile; fileRef = 7AC1BC0618E7D8E700D7255F /* STHTTPRequest+UnitTests.m */; };
		7AC1BC4018E7D8E700D7255F /* STHTTPRequestTestResponse.m in Sources */ = {isa = PBXBuildFile; fileRef = 7AC1BC0818E7D8E700D7255F /* STHTTPRequestTestResponse.m */; };
		7AC1BC4118E7D8E700D7255F /* STHTTPRequestTestResponseQueue.m in Sources */ = {isa = PBXBuildFile; fileRef = 7AC1BC0A18E7D8E700D7255F /* STHTTPRequestTestResponseQueue.m */; };
		7AC1BC4218E7D8E700D7255F /* STMiscTests.m in Sources */ = {isa = PBXBuildFile; fileRef = 7AC1BC0C18E7D8E700D7255F /* STMiscTests.m */; };
		7AC1BC4318E7D8E700D7255F /* STOAuthServiceTests.m in Sources */ = {isa = PBXBuildFile; fileRef = 7AC1BC0E18E7D8E700D7255F /* STOAuthServiceTests.m */; };
		7AC1BC4418E7D8E700D7255F /* STTwitterUnitTests-Info.plist in Resources */ = {isa = PBXBuildFile; fileRef = 7AC1BC0F18E7D8E700D7255F /* STTwitterUnitTests-Info.plist */; };
		94741CF418E739F200753422 /* Foundation.framework in Frameworks */ = {isa = PBXBuildFile; fileRef = 94741CF318E739F200753422 /* Foundation.framework */; };
		94741CF618E739F200753422 /* CoreGraphics.framework in Frameworks */ = {isa = PBXBuildFile; fileRef = 94741CF518E739F200753422 /* CoreGraphics.framework */; };
		94741CF818E739F200753422 /* UIKit.framework in Frameworks */ = {isa = PBXBuildFile; fileRef = 94741CF718E739F200753422 /* UIKit.framework */; };
		94741CFE18E739F300753422 /* InfoPlist.strings in Resources */ = {isa = PBXBuildFile; fileRef = 94741CFC18E739F300753422 /* InfoPlist.strings */; };
		94741D0018E739F300753422 /* main.m in Sources */ = {isa = PBXBuildFile; fileRef = 94741CFF18E739F300753422 /* main.m */; };
		94741D0418E739F300753422 /* AppDelegate.m in Sources */ = {isa = PBXBuildFile; fileRef = 94741D0318E739F300753422 /* AppDelegate.m */; };
		94741D0718E739F300753422 /* Main.storyboard in Resources */ = {isa = PBXBuildFile; fileRef = 94741D0518E739F300753422 /* Main.storyboard */; };
		94741D0A18E739F300753422 /* ViewController.m in Sources */ = {isa = PBXBuildFile; fileRef = 94741D0918E739F300753422 /* ViewController.m */; };
		94741D0C18E739F300753422 /* Images.xcassets in Resources */ = {isa = PBXBuildFile; fileRef = 94741D0B18E739F300753422 /* Images.xcassets */; };
		94741D1318E739F300753422 /* XCTest.framework in Frameworks */ = {isa = PBXBuildFile; fileRef = 94741D1218E739F300753422 /* XCTest.framework */; };
		94741D1418E739F300753422 /* Foundation.framework in Frameworks */ = {isa = PBXBuildFile; fileRef = 94741CF318E739F200753422 /* Foundation.framework */; };
		94741D1518E739F300753422 /* UIKit.framework in Frameworks */ = {isa = PBXBuildFile; fileRef = 94741CF718E739F200753422 /* UIKit.framework */; };
		94741D1D18E739F300753422 /* InfoPlist.strings in Resources */ = {isa = PBXBuildFile; fileRef = 94741D1B18E739F300753422 /* InfoPlist.strings */; };
		94741D1F18E739F300753422 /* MisterAlarmTests.m in Sources */ = {isa = PBXBuildFile; fileRef = 94741D1E18E739F300753422 /* MisterAlarmTests.m */; };
		94741D2C18E739FE00753422 /* BLE.m in Sources */ = {isa = PBXBuildFile; fileRef = 94741D2A18E739FE00753422 /* BLE.m */; };
		94741D2E18E73A7200753422 /* AVFoundation.framework in Frameworks */ = {isa = PBXBuildFile; fileRef = 94741D2D18E73A7200753422 /* AVFoundation.framework */; };
		94741D3118E73F1200753422 /* alarm-clock-click.png in Resources */ = {isa = PBXBuildFile; fileRef = 94741D2F18E73F1200753422 /* alarm-clock-click.png */; };
		94741D3218E73F1200753422 /* alarm-clock.png in Resources */ = {isa = PBXBuildFile; fileRef = 94741D3018E73F1200753422 /* alarm-clock.png */; };
		94741D3418E741AD00753422 /* ontop.mp3 in Resources */ = {isa = PBXBuildFile; fileRef = 94741D3318E741AD00753422 /* ontop.mp3 */; };
		94FFBF9218E7AF5B0063CA8F /* launch.png in Resources */ = {isa = PBXBuildFile; fileRef = 94FFBF8F18E7AF5B0063CA8F /* launch.png */; };
		94FFBF9318E7AF5B0063CA8F /* logo-big.png in Resources */ = {isa = PBXBuildFile; fileRef = 94FFBF9018E7AF5B0063CA8F /* logo-big.png */; };
		94FFBF9418E7AF5B0063CA8F /* logo.png in Resources */ = {isa = PBXBuildFile; fileRef = 94FFBF9118E7AF5B0063CA8F /* logo.png */; };
/* End PBXBuildFile section */

/* Begin PBXContainerItemProxy section */
		7AC1BC4618E7D8E800D7255F /* PBXContainerItemProxy */ = {
			isa = PBXContainerItemProxy;
			containerPortal = 7AC1BBAE18E7D8E700D7255F /* clitter.xcodeproj */;
			proxyType = 2;
			remoteGlobalIDString = 0308C377180733CF00C5D104;
			remoteInfo = clitter;
		};
		7AC1BC4918E7D8E800D7255F /* PBXContainerItemProxy */ = {
			isa = PBXContainerItemProxy;
			containerPortal = 7AC1BBC018E7D8E700D7255F /* STTwitterDemoIOS.xcodeproj */;
			proxyType = 2;
			remoteGlobalIDString = 03144B3F17FB608C007812DC;
			remoteInfo = STTwitterDemoiOS;
		};
		7AC1BC4C18E7D8E800D7255F /* PBXContainerItemProxy */ = {
			isa = PBXContainerItemProxy;
			containerPortal = 7AC1BBDC18E7D8E700D7255F /* STTwitterDemoOSX.xcodeproj */;
			proxyType = 2;
			remoteGlobalIDString = 03191E5317BF700A0001C06D;
			remoteInfo = STTwitterDemoOSX;
		};
		7AC1BC4F18E7D8E800D7255F /* PBXContainerItemProxy */ = {
			isa = PBXContainerItemProxy;
			containerPortal = 7AC1BC1118E7D8E700D7255F /* UnitTests.xcodeproj */;
			proxyType = 2;
			remoteGlobalIDString = 0315BC5017E0917E00F226E6;
			remoteInfo = STTwitterUnitTests;
		};
		94741D1618E739F300753422 /* PBXContainerItemProxy */ = {
			isa = PBXContainerItemProxy;
			containerPortal = 94741CE818E739F200753422 /* Project object */;
			proxyType = 1;
			remoteGlobalIDString = 94741CEF18E739F200753422;
			remoteInfo = MisterAlarm;
		};
/* End PBXContainerItemProxy section */

/* Begin PBXFileReference section */
		612975FE18E798EE000C1422 /* GTMOAuth2WindowController.h */ = {isa = PBXFileReference; fileEncoding = 4; lastKnownFileType = sourcecode.c.h; name = GTMOAuth2WindowController.h; path = "../../google-api-objectivec-client-read-only/Source/OAuth2/Mac/GTMOAuth2WindowController.h"; sourceTree = "<group>"; };
		612975FF18E798EE000C1422 /* GTMOAuth2ViewControllerTouch.h */ = {isa = PBXFileReference; fileEncoding = 4; lastKnownFileType = sourcecode.c.h; name = GTMOAuth2ViewControllerTouch.h; path = "../../google-api-objectivec-client-read-only/Source/OAuth2/Touch/GTMOAuth2ViewControllerTouch.h"; sourceTree = "<group>"; };
		6129760018E798EE000C1422 /* GTMOAuth2ViewTouch.xib */ = {isa = PBXFileReference; fileEncoding = 4; lastKnownFileType = file.xib; name = GTMOAuth2ViewTouch.xib; path = "../../google-api-objectivec-client-read-only/Source/OAuth2/Touch/GTMOAuth2ViewTouch.xib"; sourceTree = "<group>"; };
		6129760118E798EE000C1422 /* GTMOAuth2Authentication.h */ = {isa = PBXFileReference; fileEncoding = 4; lastKnownFileType = sourcecode.c.h; name = GTMOAuth2Authentication.h; path = "../../google-api-objectivec-client-read-only/Source/OAuth2/GTMOAuth2Authentication.h"; sourceTree = "<group>"; };
		6129760218E798EE000C1422 /* GTMOAuth2SignIn.h */ = {isa = PBXFileReference; fileEncoding = 4; lastKnownFileType = sourcecode.c.h; name = GTMOAuth2SignIn.h; path = "../../google-api-objectivec-client-read-only/Source/OAuth2/GTMOAuth2SignIn.h"; sourceTree = "<group>"; };
		6129760318E798EE000C1422 /* GTMHTTPFetcherLogging.h */ = {isa = PBXFileReference; fileEncoding = 4; lastKnownFileType = sourcecode.c.h; name = GTMHTTPFetcherLogging.h; path = "../../google-api-objectivec-client-read-only/Source/HTTPFetcher/GTMHTTPFetcherLogging.h"; sourceTree = "<group>"; };
		6129760418E798EE000C1422 /* GTMOAuth2Authentication.h */ = {isa = PBXFileReference; fileEncoding = 4; lastKnownFileType = sourcecode.c.h; name = GTMOAuth2Authentication.h; path = "../../google-api-objectivec-client-read-only/Source/OAuth2/GTMOAuth2Authentication.h"; sourceTree = "<group>"; };
		6129760518E798EE000C1422 /* GTMHTTPFetcher.h */ = {isa = PBXFileReference; fileEncoding = 4; lastKnownFileType = sourcecode.c.h; name = GTMHTTPFetcher.h; path = "../../google-api-objectivec-client-read-only/Source/HTTPFetcher/GTMHTTPFetcher.h"; sourceTree = "<group>"; };
		6129760618E798EE000C1422 /* GTLJSONParser.h */ = {isa = PBXFileReference; fileEncoding = 4; lastKnownFileType = sourcecode.c.h; name = GTLJSONParser.h; path = "../../google-api-objectivec-client-read-only/Source/Utilities/GTLJSONParser.h"; sourceTree = "<group>"; };
		6129760718E798EE000C1422 /* GTLService.h */ = {isa = PBXFileReference; fileEncoding = 4; lastKnownFileType = sourcecode.c.h; name = GTLService.h; path = "../../google-api-objectivec-client-read-only/Source/Objects/GTLService.h"; sourceTree = "<group>"; };
		6129760818E798EE000C1422 /* GTLFramework.h */ = {isa = PBXFileReference; fileEncoding = 4; lastKnownFileType = sourcecode.c.h; name = GTLFramework.h; path = "../../google-api-objectivec-client-read-only/Source/Utilities/GTLFramework.h"; sourceTree = "<group>"; };
		6129760918E798EE000C1422 /* GTMHTTPFetcherService.h */ = {isa = PBXFileReference; fileEncoding = 4; lastKnownFileType = sourcecode.c.h; name = GTMHTTPFetcherService.h; path = "../../google-api-objectivec-client-read-only/Source/HTTPFetcher/GTMHTTPFetcherService.h"; sourceTree = "<group>"; };
		6129760A18E798EE000C1422 /* GTLUtilities.h */ = {isa = PBXFileReference; fileEncoding = 4; lastKnownFileType = sourcecode.c.h; name = GTLUtilities.h; path = "../../google-api-objectivec-client-read-only/Source/Utilities/GTLUtilities.h"; sourceTree = "<group>"; };
		6129760B18E798EE000C1422 /* GTLQuery.h */ = {isa = PBXFileReference; fileEncoding = 4; lastKnownFileType = sourcecode.c.h; name = GTLQuery.h; path = "../../google-api-objectivec-client-read-only/Source/Objects/GTLQuery.h"; sourceTree = "<group>"; };
		6129760C18E798EE000C1422 /* GTLObject.h */ = {isa = PBXFileReference; fileEncoding = 4; lastKnownFileType = sourcecode.c.h; name = GTLObject.h; path = "../../google-api-objectivec-client-read-only/Source/Objects/GTLObject.h"; sourceTree = "<group>"; };
		6129760D18E798EE000C1422 /* GTLDefines.h */ = {isa = PBXFileReference; fileEncoding = 4; lastKnownFileType = sourcecode.c.h; name = GTLDefines.h; path = "../../google-api-objectivec-client-read-only/Source/GTLDefines.h"; sourceTree = "<group>"; };
		6129760E18E798EE000C1422 /* GTMOAuth2ViewTouch.xib */ = {isa = PBXFileReference; fileEncoding = 4; lastKnownFileType = file.xib; name = GTMOAuth2ViewTouch.xib; path = "../../google-api-objectivec-client-read-only/Source/OAuth2/Touch/GTMOAuth2ViewTouch.xib"; sourceTree = "<group>"; };
		6129760F18E798EE000C1422 /* GTLService.h */ = {isa = PBXFileReference; fileEncoding = 4; lastKnownFileType = sourcecode.c.h; name = GTLService.h; path = "../../google-api-objectivec-client-read-only/Source/Objects/GTLService.h"; sourceTree = "<group>"; };
		6129761018E798EE000C1422 /* GTLCalendar_Sources.m */ = {isa = PBXFileReference; fileEncoding = 4; lastKnownFileType = sourcecode.c.objc; name = GTLCalendar_Sources.m; path = "../../google-api-objectivec-client-read-only/Source/Services/Calendar/Generated/GTLCalendar_Sources.m"; sourceTree = "<group>"; };
		6129761118E798EE000C1422 /* GTLCalendar.h */ = {isa = PBXFileReference; fileEncoding = 4; lastKnownFileType = sourcecode.c.h; name = GTLCalendar.h; path = "../../google-api-objectivec-client-read-only/Source/Services/Calendar/Generated/GTLCalendar.h"; sourceTree = "<group>"; };
		6129761218E798EE000C1422 /* test-Info.plist */ = {isa = PBXFileReference; fileEncoding = 4; lastKnownFileType = text.plist.xml; name = "test-Info.plist"; path = "../../test/test/test-Info.plist"; sourceTree = "<group>"; };
		6129761318E798EE000C1422 /* GTLCommon_Sources.m */ = {isa = PBXFileReference; fileEncoding = 4; lastKnownFileType = sourcecode.c.objc; name = GTLCommon_Sources.m; path = "../../google-api-objectivec-client-read-only/Source/GTLCommon_Sources.m"; sourceTree = "<group>"; };
		6129761418E798EE000C1422 /* GTLNetworking_Sources.m */ = {isa = PBXFileReference; fileEncoding = 4; lastKnownFileType = sourcecode.c.objc; name = GTLNetworking_Sources.m; path = "../../google-api-objectivec-client-read-only/Source/GTLNetworking_Sources.m"; sourceTree = "<group>"; };
		6129761B18E7997C000C1422 /* FacebookSDK.framework */ = {isa = PBXFileReference; lastKnownFileType = wrapper.framework; name = FacebookSDK.framework; path = ../test/FacebookSDK.framework; sourceTree = "<group>"; };
		612979D718E7A469000C1422 /* AudioToolbox.framework */ = {isa = PBXFileReference; lastKnownFileType = wrapper.framework; name = AudioToolbox.framework; path = System/Library/Frameworks/AudioToolbox.framework; sourceTree = SDKROOT; };
		612979D918E7A538000C1422 /* OpenEars.framework */ = {isa = PBXFileReference; lastKnownFileType = wrapper.framework; path = OpenEars.framework; sourceTree = "<group>"; };
		612979DA18E7A538000C1422 /* Slt.framework */ = {isa = PBXFileReference; lastKnownFileType = wrapper.framework; path = Slt.framework; sourceTree = "<group>"; };
		61FA87DF18E7D32800BBEBA2 /* launch.png */ = {isa = PBXFileReference; lastKnownFileType = image.png; path = launch.png; sourceTree = "<group>"; };
		61FA87E018E7D32800BBEBA2 /* logo.png */ = {isa = PBXFileReference; lastKnownFileType = image.png; path = logo.png; sourceTree = "<group>"; };
		7AC1BB9D18E7D78C00D7255F /* Accounts.framework */ = {isa = PBXFileReference; lastKnownFileType = wrapper.framework; name = Accounts.framework; path = System/Library/Frameworks/Accounts.framework; sourceTree = SDKROOT; };
		7AC1BB9F18E7D79600D7255F /* Twitter.framework */ = {isa = PBXFileReference; lastKnownFileType = wrapper.framework; name = Twitter.framework; path = System/Library/Frameworks/Twitter.framework; sourceTree = SDKROOT; };
		7AC1BBA118E7D7A000D7255F /* Social.framework */ = {isa = PBXFileReference; lastKnownFileType = wrapper.framework; name = Social.framework; path = System/Library/Frameworks/Social.framework; sourceTree = SDKROOT; };
		7AC1BBA518E7D8E700D7255F /* ios.png */ = {isa = PBXFileReference; lastKnownFileType = image.png; path = ios.png; sourceTree = "<group>"; };
		7AC1BBA618E7D8E700D7255F /* osx.png */ = {isa = PBXFileReference; lastKnownFileType = image.png; path = osx.png; sourceTree = "<group>"; };
		7AC1BBA718E7D8E700D7255F /* tweet.png */ = {isa = PBXFileReference; lastKnownFileType = image.png; path = tweet.png; sourceTree = "<group>"; };
		7AC1BBAA18E7D8E700D7255F /* clitter-Prefix.pch */ = {isa = PBXFileReference; fileEncoding = 4; lastKnownFileType = sourcecode.c.h; path = "clitter-Prefix.pch"; sourceTree = "<group>"; };
		7AC1BBAB18E7D8E700D7255F /* clitter.1 */ = {isa = PBXFileReference; fileEncoding = 4; lastKnownFileType = text.man; path = clitter.1; sourceTree = "<group>"; };
		7AC1BBAC18E7D8E700D7255F /* Info.plist */ = {isa = PBXFileReference; fileEncoding = 4; lastKnownFileType = text.plist.xml; path = Info.plist; sourceTree = "<group>"; };
		7AC1BBAD18E7D8E700D7255F /* main.m */ = {isa = PBXFileReference; fileEncoding = 4; lastKnownFileType = sourcecode.c.objc; path = main.m; sourceTree = "<group>"; };
		7AC1BBAE18E7D8E700D7255F /* clitter.xcodeproj */ = {isa = PBXFileReference; lastKnownFileType = "wrapper.pb-project"; path = clitter.xcodeproj; sourceTree = "<group>"; };
		7AC1BBB118E7D8E700D7255F /* README.txt */ = {isa = PBXFileReference; fileEncoding = 4; lastKnownFileType = text; path = README.txt; sourceTree = "<group>"; };
		7AC1BBB418E7D8E700D7255F /* AppDelegate.h */ = {isa = PBXFileReference; fileEncoding = 4; lastKnownFileType = sourcecode.c.h; path = AppDelegate.h; sourceTree = "<group>"; };
		7AC1BBB518E7D8E700D7255F /* AppDelegate.m */ = {isa = PBXFileReference; fileEncoding = 4; lastKnownFileType = sourcecode.c.objc; path = AppDelegate.m; sourceTree = "<group>"; };
		7AC1BBB718E7D8E700D7255F /* en */ = {isa = PBXFileReference; lastKnownFileType = text.plist.strings; name = en; path = en.lproj/InfoPlist.strings; sourceTree = "<group>"; };
		7AC1BBB918E7D8E700D7255F /* en */ = {isa = PBXFileReference; lastKnownFileType = file.storyboard; name = en; path = en.lproj/Main.storyboard; sourceTree = "<group>"; };
		7AC1BBBA18E7D8E700D7255F /* Images.xcassets */ = {isa = PBXFileReference; lastKnownFileType = folder.assetcatalog; path = Images.xcassets; sourceTree = "<group>"; };
		7AC1BBBB18E7D8E700D7255F /* main.m */ = {isa = PBXFileReference; fileEncoding = 4; lastKnownFileType = sourcecode.c.objc; path = main.m; sourceTree = "<group>"; };
		7AC1BBBC18E7D8E700D7255F /* STTwitterDemoIOS-Info.plist */ = {isa = PBXFileReference; fileEncoding = 4; lastKnownFileType = text.plist.xml; path = "STTwitterDemoIOS-Info.plist"; sourceTree = "<group>"; };
		7AC1BBBD18E7D8E700D7255F /* STTwitterDemoIOS-Prefix.pch */ = {isa = PBXFileReference; fileEncoding = 4; lastKnownFileType = sourcecode.c.h; path = "STTwitterDemoIOS-Prefix.pch"; sourceTree = "<group>"; };
		7AC1BBBE18E7D8E700D7255F /* ViewController.h */ = {isa = PBXFileReference; fileEncoding = 4; lastKnownFileType = sourcecode.c.h; path = ViewController.h; sourceTree = "<group>"; };
		7AC1BBBF18E7D8E700D7255F /* ViewController.m */ = {isa = PBXFileReference; fileEncoding = 4; lastKnownFileType = sourcecode.c.objc; path = ViewController.m; sourceTree = "<group>"; };
		7AC1BBC018E7D8E700D7255F /* STTwitterDemoIOS.xcodeproj */ = {isa = PBXFileReference; lastKnownFileType = "wrapper.pb-project"; path = STTwitterDemoIOS.xcodeproj; sourceTree = "<group>"; };
		7AC1BBC618E7D8E700D7255F /* _en */ = {isa = PBXFileReference; lastKnownFileType = text.rtf; name = _en; path = _en.lproj/Credits.rtf; sourceTree = "<group>"; };
		7AC1BBC818E7D8E700D7255F /* _en */ = {isa = PBXFileReference; lastKnownFileType = text.plist.strings; name = _en; path = _en.lproj/InfoPlist.strings; sourceTree = "<group>"; };
		7AC1BBCA18E7D8E700D7255F /* _en */ = {isa = PBXFileReference; lastKnownFileType = file.xib; name = _en; path = _en.lproj/MainMenu.xib; sourceTree = "<group>"; };
		7AC1BBCB18E7D8E700D7255F /* AppDelegate.h */ = {isa = PBXFileReference; fileEncoding = 4; lastKnownFileType = sourcecode.c.h; path = AppDelegate.h; sourceTree = "<group>"; };
		7AC1BBCC18E7D8E700D7255F /* AppDelegate.m */ = {isa = PBXFileReference; fileEncoding = 4; lastKnownFileType = sourcecode.c.objc; path = AppDelegate.m; sourceTree = "<group>"; };
		7AC1BBCD18E7D8E700D7255F /* en */ = {isa = PBXFileReference; lastKnownFileType = text.rtf; name = en; path = en.lproj/Credits.rtf; sourceTree = "<group>"; };
		7AC1BBCE18E7D8E700D7255F /* en */ = {isa = PBXFileReference; lastKnownFileType = text.plist.strings; name = en; path = en.lproj/InfoPlist.strings; sourceTree = "<group>"; };
		7AC1BBCF18E7D8E700D7255F /* en */ = {isa = PBXFileReference; lastKnownFileType = file.xib; name = en; path = en.lproj/MainMenu.xib; sourceTree = "<group>"; };
		7AC1BBD018E7D8E700D7255F /* main.m */ = {isa = PBXFileReference; fileEncoding = 4; lastKnownFileType = sourcecode.c.objc; path = main.m; sourceTree = "<group>"; };
		7AC1BBD118E7D8E700D7255F /* STAuthenticationVC.h */ = {isa = PBXFileReference; fileEncoding = 4; lastKnownFileType = sourcecode.c.h; path = STAuthenticationVC.h; sourceTree = "<group>"; };
		7AC1BBD218E7D8E700D7255F /* STAuthenticationVC.m */ = {isa = PBXFileReference; fileEncoding = 4; lastKnownFileType = sourcecode.c.objc; path = STAuthenticationVC.m; sourceTree = "<group>"; };
		7AC1BBD318E7D8E700D7255F /* STAuthenticationVC.xib */ = {isa = PBXFileReference; fileEncoding = 4; lastKnownFileType = file.xib; path = STAuthenticationVC.xib; sourceTree = "<group>"; };
		7AC1BBD418E7D8E700D7255F /* STClientVC.h */ = {isa = PBXFileReference; fileEncoding = 4; lastKnownFileType = sourcecode.c.h; path = STClientVC.h; sourceTree = "<group>"; };
		7AC1BBD518E7D8E700D7255F /* STClientVC.m */ = {isa = PBXFileReference; fileEncoding = 4; lastKnownFileType = sourcecode.c.objc; path = STClientVC.m; sourceTree = "<group>"; };
		7AC1BBD618E7D8E700D7255F /* STClientVC.xib */ = {isa = PBXFileReference; fileEncoding = 4; lastKnownFileType = file.xib; path = STClientVC.xib; sourceTree = "<group>"; };
		7AC1BBD718E7D8E700D7255F /* STConsoleVC.h */ = {isa = PBXFileReference; fileEncoding = 4; lastKnownFileType = sourcecode.c.h; path = STConsoleVC.h; sourceTree = "<group>"; };
		7AC1BBD818E7D8E700D7255F /* STConsoleVC.m */ = {isa = PBXFileReference; fileEncoding = 4; lastKnownFileType = sourcecode.c.objc; path = STConsoleVC.m; sourceTree = "<group>"; };
		7AC1BBD918E7D8E700D7255F /* STConsoleVC.xib */ = {isa = PBXFileReference; fileEncoding = 4; lastKnownFileType = file.xib; path = STConsoleVC.xib; sourceTree = "<group>"; };
		7AC1BBDA18E7D8E700D7255F /* STTwitterDemoOSX-Info.plist */ = {isa = PBXFileReference; fileEncoding = 4; lastKnownFileType = text.plist.xml; path = "STTwitterDemoOSX-Info.plist"; sourceTree = "<group>"; };
		7AC1BBDB18E7D8E700D7255F /* STTwitterDemoOSX-Prefix.pch */ = {isa = PBXFileReference; fileEncoding = 4; lastKnownFileType = sourcecode.c.h; path = "STTwitterDemoOSX-Prefix.pch"; sourceTree = "<group>"; };
		7AC1BBDC18E7D8E700D7255F /* STTwitterDemoOSX.xcodeproj */ = {isa = PBXFileReference; lastKnownFileType = "wrapper.pb-project"; path = STTwitterDemoOSX.xcodeproj; sourceTree = "<group>"; };
		7AC1BBDF18E7D8E700D7255F /* LICENCE.txt */ = {isa = PBXFileReference; fileEncoding = 4; lastKnownFileType = text; path = LICENCE.txt; sourceTree = "<group>"; };
		7AC1BBE018E7D8E700D7255F /* README.md */ = {isa = PBXFileReference; fileEncoding = 4; lastKnownFileType = text; path = README.md; sourceTree = "<group>"; };
		7AC1BBE218E7D8E700D7255F /* NSDateFormatter+STTwitter.h */ = {isa = PBXFileReference; fileEncoding = 4; lastKnownFileType = sourcecode.c.h; path = "NSDateFormatter+STTwitter.h"; sourceTree = "<group>"; };
		7AC1BBE318E7D8E700D7255F /* NSDateFormatter+STTwitter.m */ = {isa = PBXFileReference; fileEncoding = 4; lastKnownFileType = sourcecode.c.objc; path = "NSDateFormatter+STTwitter.m"; sourceTree = "<group>"; };
		7AC1BBE418E7D8E700D7255F /* NSError+STTwitter.h */ = {isa = PBXFileReference; fileEncoding = 4; lastKnownFileType = sourcecode.c.h; path = "NSError+STTwitter.h"; sourceTree = "<group>"; };
		7AC1BBE518E7D8E700D7255F /* NSError+STTwitter.m */ = {isa = PBXFileReference; fileEncoding = 4; lastKnownFileType = sourcecode.c.objc; path = "NSError+STTwitter.m"; sourceTree = "<group>"; };
		7AC1BBE618E7D8E700D7255F /* NSString+STTwitter.h */ = {isa = PBXFileReference; fileEncoding = 4; lastKnownFileType = sourcecode.c.h; path = "NSString+STTwitter.h"; sourceTree = "<group>"; };
		7AC1BBE718E7D8E700D7255F /* NSString+STTwitter.m */ = {isa = PBXFileReference; fileEncoding = 4; lastKnownFileType = sourcecode.c.objc; path = "NSString+STTwitter.m"; sourceTree = "<group>"; };
		7AC1BBE818E7D8E700D7255F /* STHTTPRequest+STTwitter.h */ = {isa = PBXFileReference; fileEncoding = 4; lastKnownFileType = sourcecode.c.h; path = "STHTTPRequest+STTwitter.h"; sourceTree = "<group>"; };
		7AC1BBE918E7D8E700D7255F /* STHTTPRequest+STTwitter.m */ = {isa = PBXFileReference; fileEncoding = 4; lastKnownFileType = sourcecode.c.objc; path = "STHTTPRequest+STTwitter.m"; sourceTree = "<group>"; };
		7AC1BBEA18E7D8E700D7255F /* STTwitter.h */ = {isa = PBXFileReference; fileEncoding = 4; lastKnownFileType = sourcecode.c.h; path = STTwitter.h; sourceTree = "<group>"; };
		7AC1BBEB18E7D8E700D7255F /* STTwitterAPI.h */ = {isa = PBXFileReference; fileEncoding = 4; lastKnownFileType = sourcecode.c.h; path = STTwitterAPI.h; sourceTree = "<group>"; };
		7AC1BBEC18E7D8E700D7255F /* STTwitterAPI.m */ = {isa = PBXFileReference; fileEncoding = 4; lastKnownFileType = sourcecode.c.objc; path = STTwitterAPI.m; sourceTree = "<group>"; };
		7AC1BBED18E7D8E700D7255F /* STTwitterAppOnly.h */ = {isa = PBXFileReference; fileEncoding = 4; lastKnownFileType = sourcecode.c.h; path = STTwitterAppOnly.h; sourceTree = "<group>"; };
		7AC1BBEE18E7D8E700D7255F /* STTwitterAppOnly.m */ = {isa = PBXFileReference; fileEncoding = 4; lastKnownFileType = sourcecode.c.objc; path = STTwitterAppOnly.m; sourceTree = "<group>"; };
		7AC1BBEF18E7D8E700D7255F /* STTwitterHTML.h */ = {isa = PBXFileReference; fileEncoding = 4; lastKnownFileType = sourcecode.c.h; path = STTwitterHTML.h; sourceTree = "<group>"; };
		7AC1BBF018E7D8E700D7255F /* STTwitterHTML.m */ = {isa = PBXFileReference; fileEncoding = 4; lastKnownFileType = sourcecode.c.objc; path = STTwitterHTML.m; sourceTree = "<group>"; };
		7AC1BBF118E7D8E700D7255F /* STTwitterOAuth.h */ = {isa = PBXFileReference; fileEncoding = 4; lastKnownFileType = sourcecode.c.h; path = STTwitterOAuth.h; sourceTree = "<group>"; };
		7AC1BBF218E7D8E700D7255F /* STTwitterOAuth.m */ = {isa = PBXFileReference; fileEncoding = 4; lastKnownFileType = sourcecode.c.objc; path = STTwitterOAuth.m; sourceTree = "<group>"; };
		7AC1BBF318E7D8E700D7255F /* STTwitterOS.h */ = {isa = PBXFileReference; fileEncoding = 4; lastKnownFileType = sourcecode.c.h; path = STTwitterOS.h; sourceTree = "<group>"; };
		7AC1BBF418E7D8E700D7255F /* STTwitterOS.m */ = {isa = PBXFileReference; fileEncoding = 4; lastKnownFileType = sourcecode.c.objc; path = STTwitterOS.m; sourceTree = "<group>"; };
		7AC1BBF518E7D8E700D7255F /* STTwitterOSRequest.h */ = {isa = PBXFileReference; fileEncoding = 4; lastKnownFileType = sourcecode.c.h; path = STTwitterOSRequest.h; sourceTree = "<group>"; };
		7AC1BBF618E7D8E700D7255F /* STTwitterOSRequest.m */ = {isa = PBXFileReference; fileEncoding = 4; lastKnownFileType = sourcecode.c.objc; path = STTwitterOSRequest.m; sourceTree = "<group>"; };
		7AC1BBF718E7D8E700D7255F /* STTwitterProtocol.h */ = {isa = PBXFileReference; fileEncoding = 4; lastKnownFileType = sourcecode.c.h; path = STTwitterProtocol.h; sourceTree = "<group>"; };
		7AC1BBF918E7D8E700D7255F /* BAVPlistNode.h */ = {isa = PBXFileReference; fileEncoding = 4; lastKnownFileType = sourcecode.c.h; path = BAVPlistNode.h; sourceTree = "<group>"; };
		7AC1BBFA18E7D8E700D7255F /* BAVPlistNode.m */ = {isa = PBXFileReference; fileEncoding = 4; lastKnownFileType = sourcecode.c.objc; path = BAVPlistNode.m; sourceTree = "<group>"; };
		7AC1BBFB18E7D8E700D7255F /* JSONSyntaxHighlight.h */ = {isa = PBXFileReference; fileEncoding = 4; lastKnownFileType = sourcecode.c.h; path = JSONSyntaxHighlight.h; sourceTree = "<group>"; };
		7AC1BBFC18E7D8E700D7255F /* JSONSyntaxHighlight.m */ = {isa = PBXFileReference; fileEncoding = 4; lastKnownFileType = sourcecode.c.objc; path = JSONSyntaxHighlight.m; sourceTree = "<group>"; };
		7AC1BBFD18E7D8E700D7255F /* STHTTPRequest.h */ = {isa = PBXFileReference; fileEncoding = 4; lastKnownFileType = sourcecode.c.h; path = STHTTPRequest.h; sourceTree = "<group>"; };
		7AC1BBFE18E7D8E700D7255F /* STHTTPRequest.m */ = {isa = PBXFileReference; fileEncoding = 4; lastKnownFileType = sourcecode.c.objc; path = STHTTPRequest.m; sourceTree = "<group>"; };
		7AC1BBFF18E7D8E700D7255F /* STTwitter.podspec */ = {isa = PBXFileReference; fileEncoding = 4; lastKnownFileType = text; path = STTwitter.podspec; sourceTree = "<group>"; };
		7AC1BC0318E7D8E700D7255F /* en */ = {isa = PBXFileReference; lastKnownFileType = text.plist.strings; name = en; path = en.lproj/InfoPlist.strings; sourceTree = "<group>"; };
		7AC1BC0518E7D8E700D7255F /* STHTTPRequest+UnitTests.h */ = {isa = PBXFileReference; fileEncoding = 4; lastKnownFileType = sourcecode.c.h; path = "STHTTPRequest+UnitTests.h"; sourceTree = "<group>"; };
		7AC1BC0618E7D8E700D7255F /* STHTTPRequest+UnitTests.m */ = {isa = PBXFileReference; fileEncoding = 4; lastKnownFileType = sourcecode.c.objc; path = "STHTTPRequest+UnitTests.m"; sourceTree = "<group>"; };
		7AC1BC0718E7D8E700D7255F /* STHTTPRequestTestResponse.h */ = {isa = PBXFileReference; fileEncoding = 4; lastKnownFileType = sourcecode.c.h; path = STHTTPRequestTestResponse.h; sourceTree = "<group>"; };
		7AC1BC0818E7D8E700D7255F /* STHTTPRequestTestResponse.m */ = {isa = PBXFileReference; fileEncoding = 4; lastKnownFileType = sourcecode.c.objc; path = STHTTPRequestTestResponse.m; sourceTree = "<group>"; };
		7AC1BC0918E7D8E700D7255F /* STHTTPRequestTestResponseQueue.h */ = {isa = PBXFileReference; fileEncoding = 4; lastKnownFileType = sourcecode.c.h; path = STHTTPRequestTestResponseQueue.h; sourceTree = "<group>"; };
		7AC1BC0A18E7D8E700D7255F /* STHTTPRequestTestResponseQueue.m */ = {isa = PBXFileReference; fileEncoding = 4; lastKnownFileType = sourcecode.c.objc; path = STHTTPRequestTestResponseQueue.m; sourceTree = "<group>"; };
		7AC1BC0B18E7D8E700D7255F /* STMiscTests.h */ = {isa = PBXFileReference; fileEncoding = 4; lastKnownFileType = sourcecode.c.h; path = STMiscTests.h; sourceTree = "<group>"; };
		7AC1BC0C18E7D8E700D7255F /* STMiscTests.m */ = {isa = PBXFileReference; fileEncoding = 4; lastKnownFileType = sourcecode.c.objc; path = STMiscTests.m; sourceTree = "<group>"; };
		7AC1BC0D18E7D8E700D7255F /* STOAuthServiceTests.h */ = {isa = PBXFileReference; fileEncoding = 4; lastKnownFileType = sourcecode.c.h; path = STOAuthServiceTests.h; sourceTree = "<group>"; };
		7AC1BC0E18E7D8E700D7255F /* STOAuthServiceTests.m */ = {isa = PBXFileReference; fileEncoding = 4; lastKnownFileType = sourcecode.c.objc; path = STOAuthServiceTests.m; sourceTree = "<group>"; };
		7AC1BC0F18E7D8E700D7255F /* STTwitterUnitTests-Info.plist */ = {isa = PBXFileReference; fileEncoding = 4; lastKnownFileType = text.plist.xml; path = "STTwitterUnitTests-Info.plist"; sourceTree = "<group>"; };
		7AC1BC1018E7D8E700D7255F /* STTwitterUnitTests-Prefix.pch */ = {isa = PBXFileReference; fileEncoding = 4; lastKnownFileType = sourcecode.c.h; path = "STTwitterUnitTests-Prefix.pch"; sourceTree = "<group>"; };
		7AC1BC1118E7D8E700D7255F /* UnitTests.xcodeproj */ = {isa = PBXFileReference; lastKnownFileType = "wrapper.pb-project"; path = UnitTests.xcodeproj; sourceTree = "<group>"; };
		94741CF018E739F200753422 /* MisterAlarm.app */ = {isa = PBXFileReference; explicitFileType = wrapper.application; includeInIndex = 0; path = MisterAlarm.app; sourceTree = BUILT_PRODUCTS_DIR; };
		94741CF318E739F200753422 /* Foundation.framework */ = {isa = PBXFileReference; lastKnownFileType = wrapper.framework; name = Foundation.framework; path = System/Library/Frameworks/Foundation.framework; sourceTree = SDKROOT; };
		94741CF518E739F200753422 /* CoreGraphics.framework */ = {isa = PBXFileReference; lastKnownFileType = wrapper.framework; name = CoreGraphics.framework; path = System/Library/Frameworks/CoreGraphics.framework; sourceTree = SDKROOT; };
		94741CF718E739F200753422 /* UIKit.framework */ = {isa = PBXFileReference; lastKnownFileType = wrapper.framework; name = UIKit.framework; path = System/Library/Frameworks/UIKit.framework; sourceTree = SDKROOT; };
		94741CFB18E739F300753422 /* MisterAlarm-Info.plist */ = {isa = PBXFileReference; lastKnownFileType = text.plist.xml; path = "MisterAlarm-Info.plist"; sourceTree = "<group>"; };
		94741CFD18E739F300753422 /* en */ = {isa = PBXFileReference; lastKnownFileType = text.plist.strings; name = en; path = en.lproj/InfoPlist.strings; sourceTree = "<group>"; };
		94741CFF18E739F300753422 /* main.m */ = {isa = PBXFileReference; lastKnownFileType = sourcecode.c.objc; path = main.m; sourceTree = "<group>"; };
		94741D0118E739F300753422 /* MisterAlarm-Prefix.pch */ = {isa = PBXFileReference; lastKnownFileType = sourcecode.c.h; path = "MisterAlarm-Prefix.pch"; sourceTree = "<group>"; };
		94741D0218E739F300753422 /* AppDelegate.h */ = {isa = PBXFileReference; lastKnownFileType = sourcecode.c.h; path = AppDelegate.h; sourceTree = "<group>"; };
		94741D0318E739F300753422 /* AppDelegate.m */ = {isa = PBXFileReference; lastKnownFileType = sourcecode.c.objc; path = AppDelegate.m; sourceTree = "<group>"; };
		94741D0618E739F300753422 /* Base */ = {isa = PBXFileReference; lastKnownFileType = file.storyboard; name = Base; path = Base.lproj/Main.storyboard; sourceTree = "<group>"; };
		94741D0818E739F300753422 /* ViewController.h */ = {isa = PBXFileReference; lastKnownFileType = sourcecode.c.h; path = ViewController.h; sourceTree = "<group>"; };
		94741D0918E739F300753422 /* ViewController.m */ = {isa = PBXFileReference; lastKnownFileType = sourcecode.c.objc; path = ViewController.m; sourceTree = "<group>"; };
		94741D0B18E739F300753422 /* Images.xcassets */ = {isa = PBXFileReference; lastKnownFileType = folder.assetcatalog; path = Images.xcassets; sourceTree = "<group>"; };
		94741D1118E739F300753422 /* MisterAlarmTests.xctest */ = {isa = PBXFileReference; explicitFileType = wrapper.cfbundle; includeInIndex = 0; path = MisterAlarmTests.xctest; sourceTree = BUILT_PRODUCTS_DIR; };
		94741D1218E739F300753422 /* XCTest.framework */ = {isa = PBXFileReference; lastKnownFileType = wrapper.framework; name = XCTest.framework; path = Library/Frameworks/XCTest.framework; sourceTree = DEVELOPER_DIR; };
		94741D1A18E739F300753422 /* MisterAlarmTests-Info.plist */ = {isa = PBXFileReference; lastKnownFileType = text.plist.xml; path = "MisterAlarmTests-Info.plist"; sourceTree = "<group>"; };
		94741D1C18E739F300753422 /* en */ = {isa = PBXFileReference; lastKnownFileType = text.plist.strings; name = en; path = en.lproj/InfoPlist.strings; sourceTree = "<group>"; };
		94741D1E18E739F300753422 /* MisterAlarmTests.m */ = {isa = PBXFileReference; lastKnownFileType = sourcecode.c.objc; path = MisterAlarmTests.m; sourceTree = "<group>"; };
		94741D2918E739FE00753422 /* BLE.h */ = {isa = PBXFileReference; fileEncoding = 4; lastKnownFileType = sourcecode.c.h; path = BLE.h; sourceTree = "<group>"; };
		94741D2A18E739FE00753422 /* BLE.m */ = {isa = PBXFileReference; fileEncoding = 4; lastKnownFileType = sourcecode.c.objc; path = BLE.m; sourceTree = "<group>"; };
		94741D2B18E739FE00753422 /* BLEDefines.h */ = {isa = PBXFileReference; fileEncoding = 4; lastKnownFileType = sourcecode.c.h; path = BLEDefines.h; sourceTree = "<group>"; };
		94741D2D18E73A7200753422 /* AVFoundation.framework */ = {isa = PBXFileReference; lastKnownFileType = wrapper.framework; name = AVFoundation.framework; path = System/Library/Frameworks/AVFoundation.framework; sourceTree = SDKROOT; };
		94741D2F18E73F1200753422 /* alarm-clock-click.png */ = {isa = PBXFileReference; lastKnownFileType = image.png; path = "alarm-clock-click.png"; sourceTree = "<group>"; };
		94741D3018E73F1200753422 /* alarm-clock.png */ = {isa = PBXFileReference; lastKnownFileType = image.png; path = "alarm-clock.png"; sourceTree = "<group>"; };
		94741D3318E741AD00753422 /* ontop.mp3 */ = {isa = PBXFileReference; lastKnownFileType = audio.mp3; path = ontop.mp3; sourceTree = "<group>"; };
		94FFBF8F18E7AF5B0063CA8F /* launch.png */ = {isa = PBXFileReference; lastKnownFileType = image.png; path = launch.png; sourceTree = "<group>"; };
		94FFBF9018E7AF5B0063CA8F /* logo-big.png */ = {isa = PBXFileReference; lastKnownFileType = image.png; path = "logo-big.png"; sourceTree = "<group>"; };
		94FFBF9118E7AF5B0063CA8F /* logo.png */ = {isa = PBXFileReference; lastKnownFileType = image.png; path = logo.png; sourceTree = "<group>"; };
/* End PBXFileReference section */

/* Begin PBXFrameworksBuildPhase section */
		94741CED18E739F200753422 /* Frameworks */ = {
			isa = PBXFrameworksBuildPhase;
			buildActionMask = 2147483647;
			files = (
				7AC1BBA218E7D7A000D7255F /* Social.framework in Frameworks */,
				7AC1BBA018E7D79600D7255F /* Twitter.framework in Frameworks */,
				7AC1BB9E18E7D78C00D7255F /* Accounts.framework in Frameworks */,
				612979DB18E7A538000C1422 /* OpenEars.framework in Frameworks */,
				612979D818E7A469000C1422 /* AudioToolbox.framework in Frameworks */,
				94741D2E18E73A7200753422 /* AVFoundation.framework in Frameworks */,
				6129761C18E7997C000C1422 /* FacebookSDK.framework in Frameworks */,
				612979DC18E7A538000C1422 /* Slt.framework in Frameworks */,
				94741CF618E739F200753422 /* CoreGraphics.framework in Frameworks */,
				94741CF818E739F200753422 /* UIKit.framework in Frameworks */,
				94741CF418E739F200753422 /* Foundation.framework in Frameworks */,
			);
			runOnlyForDeploymentPostprocessing = 0;
		};
		94741D0E18E739F300753422 /* Frameworks */ = {
			isa = PBXFrameworksBuildPhase;
			buildActionMask = 2147483647;
			files = (
				94741D1318E739F300753422 /* XCTest.framework in Frameworks */,
				94741D1518E739F300753422 /* UIKit.framework in Frameworks */,
				94741D1418E739F300753422 /* Foundation.framework in Frameworks */,
			);
			runOnlyForDeploymentPostprocessing = 0;
		};
/* End PBXFrameworksBuildPhase section */

/* Begin PBXGroup section */
		7AC1BBA318E7D8E700D7255F /* STTwitter */ = {
			isa = PBXGroup;
			children = (
				7AC1BBA418E7D8E700D7255F /* Art */,
				7AC1BBA818E7D8E700D7255F /* demo_cli */,
				7AC1BBB218E7D8E700D7255F /* demo_ios */,
				7AC1BBC318E7D8E700D7255F /* demo_osx */,
				7AC1BBDF18E7D8E700D7255F /* LICENCE.txt */,
				7AC1BBE018E7D8E700D7255F /* README.md */,
				7AC1BBE118E7D8E700D7255F /* STTwitter */,
				7AC1BBFF18E7D8E700D7255F /* STTwitter.podspec */,
				7AC1BC0018E7D8E700D7255F /* Tests */,
			);
			path = STTwitter;
			sourceTree = "<group>";
		};
		7AC1BBA418E7D8E700D7255F /* Art */ = {
			isa = PBXGroup;
			children = (
				7AC1BBA518E7D8E700D7255F /* ios.png */,
				7AC1BBA618E7D8E700D7255F /* osx.png */,
				7AC1BBA718E7D8E700D7255F /* tweet.png */,
			);
			path = Art;
			sourceTree = "<group>";
		};
		7AC1BBA818E7D8E700D7255F /* demo_cli */ = {
			isa = PBXGroup;
			children = (
				7AC1BBA918E7D8E700D7255F /* clitter */,
				7AC1BBAE18E7D8E700D7255F /* clitter.xcodeproj */,
				7AC1BBB118E7D8E700D7255F /* README.txt */,
			);
			path = demo_cli;
			sourceTree = "<group>";
		};
		7AC1BBA918E7D8E700D7255F /* clitter */ = {
			isa = PBXGroup;
			children = (
				7AC1BBAA18E7D8E700D7255F /* clitter-Prefix.pch */,
				7AC1BBAB18E7D8E700D7255F /* clitter.1 */,
				7AC1BBAC18E7D8E700D7255F /* Info.plist */,
				7AC1BBAD18E7D8E700D7255F /* main.m */,
			);
			path = clitter;
			sourceTree = "<group>";
		};
		7AC1BBAF18E7D8E700D7255F /* Products */ = {
			isa = PBXGroup;
			children = (
				7AC1BC4718E7D8E800D7255F /* clitter */,
			);
			name = Products;
			sourceTree = "<group>";
		};
		7AC1BBB218E7D8E700D7255F /* demo_ios */ = {
			isa = PBXGroup;
			children = (
				7AC1BBB318E7D8E700D7255F /* STTwitterDemoIOS */,
				7AC1BBC018E7D8E700D7255F /* STTwitterDemoIOS.xcodeproj */,
			);
			path = demo_ios;
			sourceTree = "<group>";
		};
		7AC1BBB318E7D8E700D7255F /* STTwitterDemoIOS */ = {
			isa = PBXGroup;
			children = (
				7AC1BBB418E7D8E700D7255F /* AppDelegate.h */,
				7AC1BBB518E7D8E700D7255F /* AppDelegate.m */,
				7AC1BBB618E7D8E700D7255F /* InfoPlist.strings */,
				7AC1BBB818E7D8E700D7255F /* Main.storyboard */,
				7AC1BBBA18E7D8E700D7255F /* Images.xcassets */,
				7AC1BBBB18E7D8E700D7255F /* main.m */,
				7AC1BBBC18E7D8E700D7255F /* STTwitterDemoIOS-Info.plist */,
				7AC1BBBD18E7D8E700D7255F /* STTwitterDemoIOS-Prefix.pch */,
				7AC1BBBE18E7D8E700D7255F /* ViewController.h */,
				7AC1BBBF18E7D8E700D7255F /* ViewController.m */,
			);
			path = STTwitterDemoIOS;
			sourceTree = "<group>";
		};
		7AC1BBC118E7D8E700D7255F /* Products */ = {
			isa = PBXGroup;
			children = (
				7AC1BC4A18E7D8E800D7255F /* STTwitterDemoiOS.app */,
			);
			name = Products;
			sourceTree = "<group>";
		};
		7AC1BBC318E7D8E700D7255F /* demo_osx */ = {
			isa = PBXGroup;
			children = (
				7AC1BBC418E7D8E700D7255F /* STTwitterDemoOSX */,
				7AC1BBDC18E7D8E700D7255F /* STTwitterDemoOSX.xcodeproj */,
			);
			path = demo_osx;
			sourceTree = "<group>";
		};
		7AC1BBC418E7D8E700D7255F /* STTwitterDemoOSX */ = {
			isa = PBXGroup;
			children = (
				7AC1BBC518E7D8E700D7255F /* Credits.rtf */,
				7AC1BBC718E7D8E700D7255F /* InfoPlist.strings */,
				7AC1BBC918E7D8E700D7255F /* MainMenu.xib */,
				7AC1BBCB18E7D8E700D7255F /* AppDelegate.h */,
				7AC1BBCC18E7D8E700D7255F /* AppDelegate.m */,
				7AC1BBD018E7D8E700D7255F /* main.m */,
				7AC1BBD118E7D8E700D7255F /* STAuthenticationVC.h */,
				7AC1BBD218E7D8E700D7255F /* STAuthenticationVC.m */,
				7AC1BBD318E7D8E700D7255F /* STAuthenticationVC.xib */,
				7AC1BBD418E7D8E700D7255F /* STClientVC.h */,
				7AC1BBD518E7D8E700D7255F /* STClientVC.m */,
				7AC1BBD618E7D8E700D7255F /* STClientVC.xib */,
				7AC1BBD718E7D8E700D7255F /* STConsoleVC.h */,
				7AC1BBD818E7D8E700D7255F /* STConsoleVC.m */,
				7AC1BBD918E7D8E700D7255F /* STConsoleVC.xib */,
				7AC1BBDA18E7D8E700D7255F /* STTwitterDemoOSX-Info.plist */,
				7AC1BBDB18E7D8E700D7255F /* STTwitterDemoOSX-Prefix.pch */,
			);
			path = STTwitterDemoOSX;
			sourceTree = "<group>";
		};
		7AC1BBDD18E7D8E700D7255F /* Products */ = {
			isa = PBXGroup;
			children = (
				7AC1BC4D18E7D8E800D7255F /* STTwitterDemoOSX.app */,
			);
			name = Products;
			sourceTree = "<group>";
		};
		7AC1BBE118E7D8E700D7255F /* STTwitter */ = {
			isa = PBXGroup;
			children = (
				7AC1BBE218E7D8E700D7255F /* NSDateFormatter+STTwitter.h */,
				7AC1BBE318E7D8E700D7255F /* NSDateFormatter+STTwitter.m */,
				7AC1BBE418E7D8E700D7255F /* NSError+STTwitter.h */,
				7AC1BBE518E7D8E700D7255F /* NSError+STTwitter.m */,
				7AC1BBE618E7D8E700D7255F /* NSString+STTwitter.h */,
				7AC1BBE718E7D8E700D7255F /* NSString+STTwitter.m */,
				7AC1BBE818E7D8E700D7255F /* STHTTPRequest+STTwitter.h */,
				7AC1BBE918E7D8E700D7255F /* STHTTPRequest+STTwitter.m */,
				7AC1BBEA18E7D8E700D7255F /* STTwitter.h */,
				7AC1BBEB18E7D8E700D7255F /* STTwitterAPI.h */,
				7AC1BBEC18E7D8E700D7255F /* STTwitterAPI.m */,
				7AC1BBED18E7D8E700D7255F /* STTwitterAppOnly.h */,
				7AC1BBEE18E7D8E700D7255F /* STTwitterAppOnly.m */,
				7AC1BBEF18E7D8E700D7255F /* STTwitterHTML.h */,
				7AC1BBF018E7D8E700D7255F /* STTwitterHTML.m */,
				7AC1BBF118E7D8E700D7255F /* STTwitterOAuth.h */,
				7AC1BBF218E7D8E700D7255F /* STTwitterOAuth.m */,
				7AC1BBF318E7D8E700D7255F /* STTwitterOS.h */,
				7AC1BBF418E7D8E700D7255F /* STTwitterOS.m */,
				7AC1BBF518E7D8E700D7255F /* STTwitterOSRequest.h */,
				7AC1BBF618E7D8E700D7255F /* STTwitterOSRequest.m */,
				7AC1BBF718E7D8E700D7255F /* STTwitterProtocol.h */,
				7AC1BBF818E7D8E700D7255F /* Vendor */,
			);
			path = STTwitter;
			sourceTree = "<group>";
		};
		7AC1BBF818E7D8E700D7255F /* Vendor */ = {
			isa = PBXGroup;
			children = (
				7AC1BBF918E7D8E700D7255F /* BAVPlistNode.h */,
				7AC1BBFA18E7D8E700D7255F /* BAVPlistNode.m */,
				7AC1BBFB18E7D8E700D7255F /* JSONSyntaxHighlight.h */,
				7AC1BBFC18E7D8E700D7255F /* JSONSyntaxHighlight.m */,
				7AC1BBFD18E7D8E700D7255F /* STHTTPRequest.h */,
				7AC1BBFE18E7D8E700D7255F /* STHTTPRequest.m */,
			);
			path = Vendor;
			sourceTree = "<group>";
		};
		7AC1BC0018E7D8E700D7255F /* Tests */ = {
			isa = PBXGroup;
			children = (
				7AC1BC0118E7D8E700D7255F /* STTwitterTests */,
				7AC1BC1118E7D8E700D7255F /* UnitTests.xcodeproj */,
			);
			path = Tests;
			sourceTree = "<group>";
		};
		7AC1BC0118E7D8E700D7255F /* STTwitterTests */ = {
			isa = PBXGroup;
			children = (
				7AC1BC0218E7D8E700D7255F /* InfoPlist.strings */,
				7AC1BC0418E7D8E700D7255F /* STHTTPRequestUnitTestAdditions */,
				7AC1BC0B18E7D8E700D7255F /* STMiscTests.h */,
				7AC1BC0C18E7D8E700D7255F /* STMiscTests.m */,
				7AC1BC0D18E7D8E700D7255F /* STOAuthServiceTests.h */,
				7AC1BC0E18E7D8E700D7255F /* STOAuthServiceTests.m */,
				7AC1BC0F18E7D8E700D7255F /* STTwitterUnitTests-Info.plist */,
				7AC1BC1018E7D8E700D7255F /* STTwitterUnitTests-Prefix.pch */,
			);
			path = STTwitterTests;
			sourceTree = "<group>";
		};
		7AC1BC0418E7D8E700D7255F /* STHTTPRequestUnitTestAdditions */ = {
			isa = PBXGroup;
			children = (
				7AC1BC0518E7D8E700D7255F /* STHTTPRequest+UnitTests.h */,
				7AC1BC0618E7D8E700D7255F /* STHTTPRequest+UnitTests.m */,
				7AC1BC0718E7D8E700D7255F /* STHTTPRequestTestResponse.h */,
				7AC1BC0818E7D8E700D7255F /* STHTTPRequestTestResponse.m */,
				7AC1BC0918E7D8E700D7255F /* STHTTPRequestTestResponseQueue.h */,
				7AC1BC0A18E7D8E700D7255F /* STHTTPRequestTestResponseQueue.m */,
			);
			path = STHTTPRequestUnitTestAdditions;
			sourceTree = "<group>";
		};
		7AC1BC1218E7D8E700D7255F /* Products */ = {
			isa = PBXGroup;
			children = (
				7AC1BC5018E7D8E800D7255F /* STTwitterUnitTests.xctest */,
			);
			name = Products;
			sourceTree = "<group>";
		};
		94741CE718E739F200753422 = {
			isa = PBXGroup;
			children = (
				94741CF918E739F300753422 /* MisterAlarm */,
				94741D1818E739F300753422 /* MisterAlarmTests */,
				94741CF218E739F200753422 /* Frameworks */,
				94741CF118E739F200753422 /* Products */,
			);
			sourceTree = "<group>";
		};
		94741CF118E739F200753422 /* Products */ = {
			isa = PBXGroup;
			children = (
				94741CF018E739F200753422 /* MisterAlarm.app */,
				94741D1118E739F300753422 /* MisterAlarmTests.xctest */,
			);
			name = Products;
			sourceTree = "<group>";
		};
		94741CF218E739F200753422 /* Frameworks */ = {
			isa = PBXGroup;
			children = (
				7AC1BBA118E7D7A000D7255F /* Social.framework */,
				7AC1BB9F18E7D79600D7255F /* Twitter.framework */,
				7AC1BB9D18E7D78C00D7255F /* Accounts.framework */,
				612979D918E7A538000C1422 /* OpenEars.framework */,
				612979DA18E7A538000C1422 /* Slt.framework */,
				612979D718E7A469000C1422 /* AudioToolbox.framework */,
				6129761B18E7997C000C1422 /* FacebookSDK.framework */,
				94741D2D18E73A7200753422 /* AVFoundation.framework */,
				94741CF318E739F200753422 /* Foundation.framework */,
				94741CF518E739F200753422 /* CoreGraphics.framework */,
				94741CF718E739F200753422 /* UIKit.framework */,
				94741D1218E739F300753422 /* XCTest.framework */,
			);
			name = Frameworks;
			sourceTree = "<group>";
		};
		94741CF918E739F300753422 /* MisterAlarm */ = {
			isa = PBXGroup;
			children = (
				94741D0218E739F300753422 /* AppDelegate.h */,
				94741D0318E739F300753422 /* AppDelegate.m */,
				94741D0518E739F300753422 /* Main.storyboard */,
				94741D0818E739F300753422 /* ViewController.h */,
				94741D0918E739F300753422 /* ViewController.m */,
				94741D0B18E739F300753422 /* Images.xcassets */,
				94741CFA18E739F300753422 /* Supporting Files */,
			);
			path = MisterAlarm;
			sourceTree = "<group>";
		};
		94741CFA18E739F300753422 /* Supporting Files */ = {
			isa = PBXGroup;
			children = (
<<<<<<< HEAD
				7AC1BBA318E7D8E700D7255F /* STTwitter */,
				61FA87DF18E7D32800BBEBA2 /* launch.png */,
				61FA87E018E7D32800BBEBA2 /* logo.png */,
=======
<<<<<<< HEAD
				94FFBF8F18E7AF5B0063CA8F /* launch.png */,
				94FFBF9018E7AF5B0063CA8F /* logo-big.png */,
				94FFBF9118E7AF5B0063CA8F /* logo.png */,
=======
>>>>>>> a4c55c843a369b13b50a3ccef128e8a47151a693
				612975FE18E798EE000C1422 /* GTMOAuth2WindowController.h */,
				612975FF18E798EE000C1422 /* GTMOAuth2ViewControllerTouch.h */,
				6129760018E798EE000C1422 /* GTMOAuth2ViewTouch.xib */,
				6129760118E798EE000C1422 /* GTMOAuth2Authentication.h */,
				6129760218E798EE000C1422 /* GTMOAuth2SignIn.h */,
				6129760318E798EE000C1422 /* GTMHTTPFetcherLogging.h */,
				6129760418E798EE000C1422 /* GTMOAuth2Authentication.h */,
				6129760518E798EE000C1422 /* GTMHTTPFetcher.h */,
				6129760618E798EE000C1422 /* GTLJSONParser.h */,
				6129760718E798EE000C1422 /* GTLService.h */,
				6129760818E798EE000C1422 /* GTLFramework.h */,
				6129760918E798EE000C1422 /* GTMHTTPFetcherService.h */,
				6129760A18E798EE000C1422 /* GTLUtilities.h */,
				6129760B18E798EE000C1422 /* GTLQuery.h */,
				6129760C18E798EE000C1422 /* GTLObject.h */,
				6129760D18E798EE000C1422 /* GTLDefines.h */,
				6129760E18E798EE000C1422 /* GTMOAuth2ViewTouch.xib */,
				6129760F18E798EE000C1422 /* GTLService.h */,
				6129761018E798EE000C1422 /* GTLCalendar_Sources.m */,
				6129761118E798EE000C1422 /* GTLCalendar.h */,
				6129761218E798EE000C1422 /* test-Info.plist */,
				6129761318E798EE000C1422 /* GTLCommon_Sources.m */,
				6129761418E798EE000C1422 /* GTLNetworking_Sources.m */,
>>>>>>> 21e8b27641bc579dc0b18bda7a55e029b4a56c9a
				94741D3318E741AD00753422 /* ontop.mp3 */,
				94741D2F18E73F1200753422 /* alarm-clock-click.png */,
				94741D3018E73F1200753422 /* alarm-clock.png */,
				94741D2818E739FE00753422 /* BLE */,
				94741CFB18E739F300753422 /* MisterAlarm-Info.plist */,
				94741CFC18E739F300753422 /* InfoPlist.strings */,
				94741CFF18E739F300753422 /* main.m */,
				94741D0118E739F300753422 /* MisterAlarm-Prefix.pch */,
			);
			name = "Supporting Files";
			sourceTree = "<group>";
		};
		94741D1818E739F300753422 /* MisterAlarmTests */ = {
			isa = PBXGroup;
			children = (
				94741D1E18E739F300753422 /* MisterAlarmTests.m */,
				94741D1918E739F300753422 /* Supporting Files */,
			);
			path = MisterAlarmTests;
			sourceTree = "<group>";
		};
		94741D1918E739F300753422 /* Supporting Files */ = {
			isa = PBXGroup;
			children = (
				94741D1A18E739F300753422 /* MisterAlarmTests-Info.plist */,
				94741D1B18E739F300753422 /* InfoPlist.strings */,
			);
			name = "Supporting Files";
			sourceTree = "<group>";
		};
		94741D2818E739FE00753422 /* BLE */ = {
			isa = PBXGroup;
			children = (
				94741D2918E739FE00753422 /* BLE.h */,
				94741D2A18E739FE00753422 /* BLE.m */,
				94741D2B18E739FE00753422 /* BLEDefines.h */,
			);
			path = BLE;
			sourceTree = "<group>";
		};
/* End PBXGroup section */

/* Begin PBXNativeTarget section */
		94741CEF18E739F200753422 /* MisterAlarm */ = {
			isa = PBXNativeTarget;
			buildConfigurationList = 94741D2218E739F300753422 /* Build configuration list for PBXNativeTarget "MisterAlarm" */;
			buildPhases = (
				94741CEC18E739F200753422 /* Sources */,
				94741CED18E739F200753422 /* Frameworks */,
				94741CEE18E739F200753422 /* Resources */,
			);
			buildRules = (
			);
			dependencies = (
			);
			name = MisterAlarm;
			productName = MisterAlarm;
			productReference = 94741CF018E739F200753422 /* MisterAlarm.app */;
			productType = "com.apple.product-type.application";
		};
		94741D1018E739F300753422 /* MisterAlarmTests */ = {
			isa = PBXNativeTarget;
			buildConfigurationList = 94741D2518E739F300753422 /* Build configuration list for PBXNativeTarget "MisterAlarmTests" */;
			buildPhases = (
				94741D0D18E739F300753422 /* Sources */,
				94741D0E18E739F300753422 /* Frameworks */,
				94741D0F18E739F300753422 /* Resources */,
			);
			buildRules = (
			);
			dependencies = (
				94741D1718E739F300753422 /* PBXTargetDependency */,
			);
			name = MisterAlarmTests;
			productName = MisterAlarmTests;
			productReference = 94741D1118E739F300753422 /* MisterAlarmTests.xctest */;
			productType = "com.apple.product-type.bundle.unit-test";
		};
/* End PBXNativeTarget section */

/* Begin PBXProject section */
		94741CE818E739F200753422 /* Project object */ = {
			isa = PBXProject;
			attributes = {
				LastUpgradeCheck = 0510;
				ORGANIZATIONNAME = A100;
				TargetAttributes = {
					94741CEF18E739F200753422 = {
						DevelopmentTeam = 2P6XS46L68;
					};
					94741D1018E739F300753422 = {
						TestTargetID = 94741CEF18E739F200753422;
					};
				};
			};
			buildConfigurationList = 94741CEB18E739F200753422 /* Build configuration list for PBXProject "MisterAlarm" */;
			compatibilityVersion = "Xcode 3.2";
			developmentRegion = English;
			hasScannedForEncodings = 0;
			knownRegions = (
				en,
				Base,
				_en,
			);
			mainGroup = 94741CE718E739F200753422;
			productRefGroup = 94741CF118E739F200753422 /* Products */;
			projectDirPath = "";
			projectReferences = (
				{
					ProductGroup = 7AC1BBAF18E7D8E700D7255F /* Products */;
					ProjectRef = 7AC1BBAE18E7D8E700D7255F /* clitter.xcodeproj */;
				},
				{
					ProductGroup = 7AC1BBC118E7D8E700D7255F /* Products */;
					ProjectRef = 7AC1BBC018E7D8E700D7255F /* STTwitterDemoIOS.xcodeproj */;
				},
				{
					ProductGroup = 7AC1BBDD18E7D8E700D7255F /* Products */;
					ProjectRef = 7AC1BBDC18E7D8E700D7255F /* STTwitterDemoOSX.xcodeproj */;
				},
				{
					ProductGroup = 7AC1BC1218E7D8E700D7255F /* Products */;
					ProjectRef = 7AC1BC1118E7D8E700D7255F /* UnitTests.xcodeproj */;
				},
			);
			projectRoot = "";
			targets = (
				94741CEF18E739F200753422 /* MisterAlarm */,
				94741D1018E739F300753422 /* MisterAlarmTests */,
			);
		};
/* End PBXProject section */

/* Begin PBXReferenceProxy section */
		7AC1BC4718E7D8E800D7255F /* clitter */ = {
			isa = PBXReferenceProxy;
			fileType = "compiled.mach-o.executable";
			path = clitter;
			remoteRef = 7AC1BC4618E7D8E800D7255F /* PBXContainerItemProxy */;
			sourceTree = BUILT_PRODUCTS_DIR;
		};
		7AC1BC4A18E7D8E800D7255F /* STTwitterDemoiOS.app */ = {
			isa = PBXReferenceProxy;
			fileType = wrapper.application;
			path = STTwitterDemoiOS.app;
			remoteRef = 7AC1BC4918E7D8E800D7255F /* PBXContainerItemProxy */;
			sourceTree = BUILT_PRODUCTS_DIR;
		};
		7AC1BC4D18E7D8E800D7255F /* STTwitterDemoOSX.app */ = {
			isa = PBXReferenceProxy;
			fileType = wrapper.application;
			path = STTwitterDemoOSX.app;
			remoteRef = 7AC1BC4C18E7D8E800D7255F /* PBXContainerItemProxy */;
			sourceTree = BUILT_PRODUCTS_DIR;
		};
		7AC1BC5018E7D8E800D7255F /* STTwitterUnitTests.xctest */ = {
			isa = PBXReferenceProxy;
			fileType = wrapper.cfbundle;
			path = STTwitterUnitTests.xctest;
			remoteRef = 7AC1BC4F18E7D8E800D7255F /* PBXContainerItemProxy */;
			sourceTree = BUILT_PRODUCTS_DIR;
		};
/* End PBXReferenceProxy section */

/* Begin PBXResourcesBuildPhase section */
		94741CEE18E739F200753422 /* Resources */ = {
			isa = PBXResourcesBuildPhase;
			buildActionMask = 2147483647;
			files = (
<<<<<<< HEAD
<<<<<<< HEAD
				94FFBF9218E7AF5B0063CA8F /* launch.png in Resources */,
=======
=======
				7AC1BC2018E7D8E700D7255F /* STTwitterDemoIOS-Info.plist in Resources */,
				7AC1BC3E18E7D8E700D7255F /* InfoPlist.strings in Resources */,
				7AC1BC1818E7D8E700D7255F /* Info.plist in Resources */,
				7AC1BC1E18E7D8E700D7255F /* Images.xcassets in Resources */,
				7AC1BC1A18E7D8E700D7255F /* README.txt in Resources */,
				7AC1BC2C18E7D8E700D7255F /* STConsoleVC.xib in Resources */,
>>>>>>> parent of 1a59741... ADDED TWITTER SUPPORT (TESTED)
				6129761618E798EE000C1422 /* GTMOAuth2ViewTouch.xib in Resources */,
				7AC1BC1618E7D8E700D7255F /* tweet.png in Resources */,
				6129761518E798EE000C1422 /* GTMOAuth2ViewTouch.xib in Resources */,
<<<<<<< HEAD
				61FA87E218E7D32800BBEBA2 /* logo.png in Resources */,
				94741D0C18E739F300753422 /* Images.xcassets in Resources */,
				7AC1BC2818E7D8E700D7255F /* STAuthenticationVC.xib in Resources */,
				7AC1BC2318E7D8E700D7255F /* InfoPlist.strings in Resources */,
				7AC1BC2F18E7D8E700D7255F /* README.md in Resources */,
<<<<<<< HEAD
=======
>>>>>>> 21e8b27641bc579dc0b18bda7a55e029b4a56c9a
				94741D0C18E739F300753422 /* Images.xcassets in Resources */,
				94FFBF9418E7AF5B0063CA8F /* logo.png in Resources */,
>>>>>>> a4c55c843a369b13b50a3ccef128e8a47151a693
=======
				7AC1BC1C18E7D8E700D7255F /* InfoPlist.strings in Resources */,
>>>>>>> parent of 1a59741... ADDED TWITTER SUPPORT (TESTED)
				94741D3418E741AD00753422 /* ontop.mp3 in Resources */,
				7AC1BC1718E7D8E700D7255F /* clitter.1 in Resources */,
				94741D3218E73F1200753422 /* alarm-clock.png in Resources */,
				94741D3118E73F1200753422 /* alarm-clock-click.png in Resources */,
				61FA87E118E7D32800BBEBA2 /* launch.png in Resources */,
				7AC1BC3D18E7D8E700D7255F /* STTwitter.podspec in Resources */,
				7AC1BC1518E7D8E700D7255F /* osx.png in Resources */,
				7AC1BC2D18E7D8E700D7255F /* STTwitterDemoOSX-Info.plist in Resources */,
				94741CFE18E739F300753422 /* InfoPlist.strings in Resources */,
				7AC1BC1418E7D8E700D7255F /* ios.png in Resources */,
				7AC1BC2E18E7D8E700D7255F /* LICENCE.txt in Resources */,
				7AC1BC4418E7D8E700D7255F /* STTwitterUnitTests-Info.plist in Resources */,
				6129761818E798EE000C1422 /* test-Info.plist in Resources */,
				7AC1BC2218E7D8E700D7255F /* Credits.rtf in Resources */,
				7AC1BC2A18E7D8E700D7255F /* STClientVC.xib in Resources */,
				7AC1BC1D18E7D8E700D7255F /* Main.storyboard in Resources */,
				94741D0718E739F300753422 /* Main.storyboard in Resources */,
<<<<<<< HEAD
				94FFBF9318E7AF5B0063CA8F /* logo-big.png in Resources */,
=======
				7AC1BC2418E7D8E700D7255F /* MainMenu.xib in Resources */,
>>>>>>> parent of 1a59741... ADDED TWITTER SUPPORT (TESTED)
			);
			runOnlyForDeploymentPostprocessing = 0;
		};
		94741D0F18E739F300753422 /* Resources */ = {
			isa = PBXResourcesBuildPhase;
			buildActionMask = 2147483647;
			files = (
				94741D1D18E739F300753422 /* InfoPlist.strings in Resources */,
			);
			runOnlyForDeploymentPostprocessing = 0;
		};
/* End PBXResourcesBuildPhase section */

/* Begin PBXSourcesBuildPhase section */
		94741CEC18E739F200753422 /* Sources */ = {
			isa = PBXSourcesBuildPhase;
			buildActionMask = 2147483647;
			files = (
				7AC1BC3118E7D8E700D7255F /* NSError+STTwitter.m in Sources */,
				7AC1BC2918E7D8E700D7255F /* STClientVC.m in Sources */,
				7AC1BC2618E7D8E700D7255F /* main.m in Sources */,
				7AC1BC4218E7D8E700D7255F /* STMiscTests.m in Sources */,
				7AC1BC3218E7D8E700D7255F /* NSString+STTwitter.m in Sources */,
				7AC1BC1F18E7D8E700D7255F /* main.m in Sources */,
				94741D0A18E739F300753422 /* ViewController.m in Sources */,
				7AC1BC3718E7D8E700D7255F /* STTwitterOAuth.m in Sources */,
				7AC1BC3C18E7D8E700D7255F /* STHTTPRequest.m in Sources */,
				94741D0418E739F300753422 /* AppDelegate.m in Sources */,
				7AC1BC3818E7D8E700D7255F /* STTwitterOS.m in Sources */,
				7AC1BC3A18E7D8E700D7255F /* BAVPlistNode.m in Sources */,
				7AC1BC1B18E7D8E700D7255F /* AppDelegate.m in Sources */,
				7AC1BC3918E7D8E700D7255F /* STTwitterOSRequest.m in Sources */,
				7AC1BC4318E7D8E700D7255F /* STOAuthServiceTests.m in Sources */,
				94741D0018E739F300753422 /* main.m in Sources */,
				7AC1BC3318E7D8E700D7255F /* STHTTPRequest+STTwitter.m in Sources */,
				7AC1BC2118E7D8E700D7255F /* ViewController.m in Sources */,
				6129761718E798EE000C1422 /* GTLCalendar_Sources.m in Sources */,
				6129761A18E798EE000C1422 /* GTLNetworking_Sources.m in Sources */,
				7AC1BC3B18E7D8E700D7255F /* JSONSyntaxHighlight.m in Sources */,
				7AC1BC3418E7D8E700D7255F /* STTwitterAPI.m in Sources */,
				7AC1BC3F18E7D8E700D7255F /* STHTTPRequest+UnitTests.m in Sources */,
				7AC1BC2518E7D8E700D7255F /* AppDelegate.m in Sources */,
				7AC1BC2B18E7D8E700D7255F /* STConsoleVC.m in Sources */,
				7AC1BC3618E7D8E700D7255F /* STTwitterHTML.m in Sources */,
				7AC1BC3518E7D8E700D7255F /* STTwitterAppOnly.m in Sources */,
				7AC1BC4018E7D8E700D7255F /* STHTTPRequestTestResponse.m in Sources */,
				94741D2C18E739FE00753422 /* BLE.m in Sources */,
				7AC1BC1918E7D8E700D7255F /* main.m in Sources */,
				6129761918E798EE000C1422 /* GTLCommon_Sources.m in Sources */,
				7AC1BC2718E7D8E700D7255F /* STAuthenticationVC.m in Sources */,
				7AC1BC4118E7D8E700D7255F /* STHTTPRequestTestResponseQueue.m in Sources */,
				7AC1BC3018E7D8E700D7255F /* NSDateFormatter+STTwitter.m in Sources */,
			);
			runOnlyForDeploymentPostprocessing = 0;
		};
		94741D0D18E739F300753422 /* Sources */ = {
			isa = PBXSourcesBuildPhase;
			buildActionMask = 2147483647;
			files = (
				94741D1F18E739F300753422 /* MisterAlarmTests.m in Sources */,
			);
			runOnlyForDeploymentPostprocessing = 0;
		};
/* End PBXSourcesBuildPhase section */

/* Begin PBXTargetDependency section */
		94741D1718E739F300753422 /* PBXTargetDependency */ = {
			isa = PBXTargetDependency;
			target = 94741CEF18E739F200753422 /* MisterAlarm */;
			targetProxy = 94741D1618E739F300753422 /* PBXContainerItemProxy */;
		};
/* End PBXTargetDependency section */

/* Begin PBXVariantGroup section */
		7AC1BBB618E7D8E700D7255F /* InfoPlist.strings */ = {
			isa = PBXVariantGroup;
			children = (
				7AC1BBB718E7D8E700D7255F /* en */,
			);
			name = InfoPlist.strings;
			sourceTree = "<group>";
		};
		7AC1BBB818E7D8E700D7255F /* Main.storyboard */ = {
			isa = PBXVariantGroup;
			children = (
				7AC1BBB918E7D8E700D7255F /* en */,
			);
			name = Main.storyboard;
			sourceTree = "<group>";
		};
		7AC1BBC518E7D8E700D7255F /* Credits.rtf */ = {
			isa = PBXVariantGroup;
			children = (
				7AC1BBC618E7D8E700D7255F /* _en */,
				7AC1BBCD18E7D8E700D7255F /* en */,
			);
			name = Credits.rtf;
			sourceTree = "<group>";
		};
		7AC1BBC718E7D8E700D7255F /* InfoPlist.strings */ = {
			isa = PBXVariantGroup;
			children = (
				7AC1BBC818E7D8E700D7255F /* _en */,
				7AC1BBCE18E7D8E700D7255F /* en */,
			);
			name = InfoPlist.strings;
			sourceTree = "<group>";
		};
		7AC1BBC918E7D8E700D7255F /* MainMenu.xib */ = {
			isa = PBXVariantGroup;
			children = (
				7AC1BBCA18E7D8E700D7255F /* _en */,
				7AC1BBCF18E7D8E700D7255F /* en */,
			);
			name = MainMenu.xib;
			sourceTree = "<group>";
		};
		7AC1BC0218E7D8E700D7255F /* InfoPlist.strings */ = {
			isa = PBXVariantGroup;
			children = (
				7AC1BC0318E7D8E700D7255F /* en */,
			);
			name = InfoPlist.strings;
			sourceTree = "<group>";
		};
		94741CFC18E739F300753422 /* InfoPlist.strings */ = {
			isa = PBXVariantGroup;
			children = (
				94741CFD18E739F300753422 /* en */,
			);
			name = InfoPlist.strings;
			sourceTree = "<group>";
		};
		94741D0518E739F300753422 /* Main.storyboard */ = {
			isa = PBXVariantGroup;
			children = (
				94741D0618E739F300753422 /* Base */,
			);
			name = Main.storyboard;
			sourceTree = "<group>";
		};
		94741D1B18E739F300753422 /* InfoPlist.strings */ = {
			isa = PBXVariantGroup;
			children = (
				94741D1C18E739F300753422 /* en */,
			);
			name = InfoPlist.strings;
			sourceTree = "<group>";
		};
/* End PBXVariantGroup section */

/* Begin XCBuildConfiguration section */
		94741D2018E739F300753422 /* Debug */ = {
			isa = XCBuildConfiguration;
			buildSettings = {
				ALWAYS_SEARCH_USER_PATHS = NO;
				CLANG_CXX_LANGUAGE_STANDARD = "gnu++0x";
				CLANG_CXX_LIBRARY = "libc++";
				CLANG_ENABLE_MODULES = YES;
				CLANG_ENABLE_OBJC_ARC = YES;
				CLANG_WARN_BOOL_CONVERSION = YES;
				CLANG_WARN_CONSTANT_CONVERSION = YES;
				CLANG_WARN_DIRECT_OBJC_ISA_USAGE = YES_ERROR;
				CLANG_WARN_EMPTY_BODY = YES;
				CLANG_WARN_ENUM_CONVERSION = YES;
				CLANG_WARN_INT_CONVERSION = YES;
				CLANG_WARN_OBJC_ROOT_CLASS = YES_ERROR;
				CLANG_WARN__DUPLICATE_METHOD_MATCH = YES;
				"CODE_SIGN_IDENTITY[sdk=iphoneos*]" = "iPhone Developer";
				COPY_PHASE_STRIP = NO;
				GCC_C_LANGUAGE_STANDARD = gnu99;
				GCC_DYNAMIC_NO_PIC = NO;
				GCC_OPTIMIZATION_LEVEL = 0;
				GCC_PREPROCESSOR_DEFINITIONS = (
					"DEBUG=1",
					"$(inherited)",
				);
				GCC_SYMBOLS_PRIVATE_EXTERN = NO;
				GCC_WARN_64_TO_32_BIT_CONVERSION = YES;
				GCC_WARN_ABOUT_RETURN_TYPE = YES_ERROR;
				GCC_WARN_UNDECLARED_SELECTOR = YES;
				GCC_WARN_UNINITIALIZED_AUTOS = YES_AGGRESSIVE;
				GCC_WARN_UNUSED_FUNCTION = YES;
				GCC_WARN_UNUSED_VARIABLE = YES;
				IPHONEOS_DEPLOYMENT_TARGET = 7.1;
				ONLY_ACTIVE_ARCH = YES;
				SDKROOT = iphoneos;
			};
			name = Debug;
		};
		94741D2118E739F300753422 /* Release */ = {
			isa = XCBuildConfiguration;
			buildSettings = {
				ALWAYS_SEARCH_USER_PATHS = NO;
				CLANG_CXX_LANGUAGE_STANDARD = "gnu++0x";
				CLANG_CXX_LIBRARY = "libc++";
				CLANG_ENABLE_MODULES = YES;
				CLANG_ENABLE_OBJC_ARC = YES;
				CLANG_WARN_BOOL_CONVERSION = YES;
				CLANG_WARN_CONSTANT_CONVERSION = YES;
				CLANG_WARN_DIRECT_OBJC_ISA_USAGE = YES_ERROR;
				CLANG_WARN_EMPTY_BODY = YES;
				CLANG_WARN_ENUM_CONVERSION = YES;
				CLANG_WARN_INT_CONVERSION = YES;
				CLANG_WARN_OBJC_ROOT_CLASS = YES_ERROR;
				CLANG_WARN__DUPLICATE_METHOD_MATCH = YES;
				"CODE_SIGN_IDENTITY[sdk=iphoneos*]" = "iPhone Developer";
				COPY_PHASE_STRIP = YES;
				ENABLE_NS_ASSERTIONS = NO;
				GCC_C_LANGUAGE_STANDARD = gnu99;
				GCC_WARN_64_TO_32_BIT_CONVERSION = YES;
				GCC_WARN_ABOUT_RETURN_TYPE = YES_ERROR;
				GCC_WARN_UNDECLARED_SELECTOR = YES;
				GCC_WARN_UNINITIALIZED_AUTOS = YES_AGGRESSIVE;
				GCC_WARN_UNUSED_FUNCTION = YES;
				GCC_WARN_UNUSED_VARIABLE = YES;
				IPHONEOS_DEPLOYMENT_TARGET = 7.1;
				SDKROOT = iphoneos;
				VALIDATE_PRODUCT = YES;
			};
			name = Release;
		};
		94741D2318E739F300753422 /* Debug */ = {
			isa = XCBuildConfiguration;
			buildSettings = {
<<<<<<< HEAD
				CODE_SIGN_IDENTITY = "iPhone Developer";
				"CODE_SIGN_IDENTITY[sdk=iphoneos*]" = "iPhone Developer";
=======

				ASSETCATALOG_COMPILER_APPICON_NAME = AppIcon;
				ASSETCATALOG_COMPILER_LAUNCHIMAGE_NAME = LaunchImage;
>>>>>>> a4c55c843a369b13b50a3ccef128e8a47151a693
				FRAMEWORK_SEARCH_PATHS = (
					"$(inherited)",
					"$(PROJECT_DIR)",
					/Users/ashleylai/MisterAlarm/iOS/test,
					"$(PROJECT_DIR)/MisterAlarm/OpenEarsDistribution/Framework",
				);
>>>>>>> 21e8b27641bc579dc0b18bda7a55e029b4a56c9a
				GCC_PRECOMPILE_PREFIX_HEADER = YES;
				GCC_PREFIX_HEADER = "MisterAlarm/MisterAlarm-Prefix.pch";
				INFOPLIST_FILE = "MisterAlarm/MisterAlarm-Info.plist";
				IPHONEOS_DEPLOYMENT_TARGET = 7.0;
				OTHER_LDFLAGS = (
					"-ObjC",
					"-all_load",
				);
				PRODUCT_NAME = "$(TARGET_NAME)";
				PROVISIONING_PROFILE = "";
				TARGETED_DEVICE_FAMILY = 1;
				WRAPPER_EXTENSION = app;
			};
			name = Debug;
		};
		94741D2418E739F300753422 /* Release */ = {
			isa = XCBuildConfiguration;
			buildSettings = {
				CODE_SIGN_IDENTITY = "iPhone Developer";
				"CODE_SIGN_IDENTITY[sdk=iphoneos*]" = "iPhone Developer";
				FRAMEWORK_SEARCH_PATHS = (
					"$(inherited)",
					"$(PROJECT_DIR)",
					/Users/ashleylai/MisterAlarm/iOS/test,
					"$(PROJECT_DIR)/MisterAlarm/OpenEarsDistribution/Framework",
				);
>>>>>>> 21e8b27641bc579dc0b18bda7a55e029b4a56c9a
				GCC_PRECOMPILE_PREFIX_HEADER = YES;
				GCC_PREFIX_HEADER = "MisterAlarm/MisterAlarm-Prefix.pch";
				INFOPLIST_FILE = "MisterAlarm/MisterAlarm-Info.plist";
				IPHONEOS_DEPLOYMENT_TARGET = 7.0;
				OTHER_LDFLAGS = (
					"-ObjC",
					"-all_load",
				);
				PRODUCT_NAME = "$(TARGET_NAME)";
				PROVISIONING_PROFILE = "";
				TARGETED_DEVICE_FAMILY = 1;
				WRAPPER_EXTENSION = app;
			};
			name = Release;
		};
		94741D2618E739F300753422 /* Debug */ = {
			isa = XCBuildConfiguration;
			buildSettings = {
				BUNDLE_LOADER = "$(BUILT_PRODUCTS_DIR)/MisterAlarm.app/MisterAlarm";
				FRAMEWORK_SEARCH_PATHS = (
					"$(SDKROOT)/Developer/Library/Frameworks",
					"$(inherited)",
					"$(DEVELOPER_FRAMEWORKS_DIR)",
				);
				GCC_PRECOMPILE_PREFIX_HEADER = YES;
				GCC_PREFIX_HEADER = "MisterAlarm/MisterAlarm-Prefix.pch";
				GCC_PREPROCESSOR_DEFINITIONS = (
					"DEBUG=1",
					"$(inherited)",
				);
				INFOPLIST_FILE = "MisterAlarmTests/MisterAlarmTests-Info.plist";
				PRODUCT_NAME = "$(TARGET_NAME)";
				TEST_HOST = "$(BUNDLE_LOADER)";
				WRAPPER_EXTENSION = xctest;
			};
			name = Debug;
		};
		94741D2718E739F300753422 /* Release */ = {
			isa = XCBuildConfiguration;
			buildSettings = {
				BUNDLE_LOADER = "$(BUILT_PRODUCTS_DIR)/MisterAlarm.app/MisterAlarm";
				FRAMEWORK_SEARCH_PATHS = (
					"$(SDKROOT)/Developer/Library/Frameworks",
					"$(inherited)",
					"$(DEVELOPER_FRAMEWORKS_DIR)",
				);
				GCC_PRECOMPILE_PREFIX_HEADER = YES;
				GCC_PREFIX_HEADER = "MisterAlarm/MisterAlarm-Prefix.pch";
				INFOPLIST_FILE = "MisterAlarmTests/MisterAlarmTests-Info.plist";
				PRODUCT_NAME = "$(TARGET_NAME)";
				TEST_HOST = "$(BUNDLE_LOADER)";
				WRAPPER_EXTENSION = xctest;
			};
			name = Release;
		};
/* End XCBuildConfiguration section */

/* Begin XCConfigurationList section */
		94741CEB18E739F200753422 /* Build configuration list for PBXProject "MisterAlarm" */ = {
			isa = XCConfigurationList;
			buildConfigurations = (
				94741D2018E739F300753422 /* Debug */,
				94741D2118E739F300753422 /* Release */,
			);
			defaultConfigurationIsVisible = 0;
			defaultConfigurationName = Release;
		};
		94741D2218E739F300753422 /* Build configuration list for PBXNativeTarget "MisterAlarm" */ = {
			isa = XCConfigurationList;
			buildConfigurations = (
				94741D2318E739F300753422 /* Debug */,
				94741D2418E739F300753422 /* Release */,
			);
			defaultConfigurationIsVisible = 0;
			defaultConfigurationName = Release;
		};
		94741D2518E739F300753422 /* Build configuration list for PBXNativeTarget "MisterAlarmTests" */ = {
			isa = XCConfigurationList;
			buildConfigurations = (
				94741D2618E739F300753422 /* Debug */,
				94741D2718E739F300753422 /* Release */,
			);
			defaultConfigurationIsVisible = 0;
			defaultConfigurationName = Release;
		};
/* End XCConfigurationList section */
	};
	rootObject = 94741CE818E739F200753422 /* Project object */;
}
