// !$*UTF8*$!
{
	archiveVersion = 1;
	classes = {
	};
	objectVersion = 46;
	objects = {

/* Begin PBXBuildFile section */
		94741CE418E6CEBA00753422 /* GTMOAuth2ViewTouch.xib in Resources */ = {isa = PBXBuildFile; fileRef = 94741CE318E6CEBA00753422 /* GTMOAuth2ViewTouch.xib */; };
		94A6A91718E6B7CA0099B093 /* Foundation.framework in Frameworks */ = {isa = PBXBuildFile; fileRef = 94A6A91618E6B7CA0099B093 /* Foundation.framework */; };
		94A6A91918E6B7CA0099B093 /* CoreGraphics.framework in Frameworks */ = {isa = PBXBuildFile; fileRef = 94A6A91818E6B7CA0099B093 /* CoreGraphics.framework */; };
		94A6A91B18E6B7CA0099B093 /* UIKit.framework in Frameworks */ = {isa = PBXBuildFile; fileRef = 94A6A91A18E6B7CA0099B093 /* UIKit.framework */; };
		94A6A92118E6B7CA0099B093 /* InfoPlist.strings in Resources */ = {isa = PBXBuildFile; fileRef = 94A6A91F18E6B7CA0099B093 /* InfoPlist.strings */; };
		94A6A92318E6B7CA0099B093 /* main.m in Sources */ = {isa = PBXBuildFile; fileRef = 94A6A92218E6B7CA0099B093 /* main.m */; };
		94A6A92718E6B7CA0099B093 /* AppDelegate.m in Sources */ = {isa = PBXBuildFile; fileRef = 94A6A92618E6B7CA0099B093 /* AppDelegate.m */; };
		94A6A92A18E6B7CA0099B093 /* Main.storyboard in Resources */ = {isa = PBXBuildFile; fileRef = 94A6A92818E6B7CA0099B093 /* Main.storyboard */; };
		94A6A92D18E6B7CA0099B093 /* ViewController.m in Sources */ = {isa = PBXBuildFile; fileRef = 94A6A92C18E6B7CA0099B093 /* ViewController.m */; };
		94A6A92F18E6B7CA0099B093 /* Images.xcassets in Resources */ = {isa = PBXBuildFile; fileRef = 94A6A92E18E6B7CA0099B093 /* Images.xcassets */; };
		94A6A93618E6B7CA0099B093 /* XCTest.framework in Frameworks */ = {isa = PBXBuildFile; fileRef = 94A6A93518E6B7CA0099B093 /* XCTest.framework */; };
		94A6A93718E6B7CA0099B093 /* Foundation.framework in Frameworks */ = {isa = PBXBuildFile; fileRef = 94A6A91618E6B7CA0099B093 /* Foundation.framework */; };
		94A6A93818E6B7CA0099B093 /* UIKit.framework in Frameworks */ = {isa = PBXBuildFile; fileRef = 94A6A91A18E6B7CA0099B093 /* UIKit.framework */; };
		94A6A94018E6B7CA0099B093 /* InfoPlist.strings in Resources */ = {isa = PBXBuildFile; fileRef = 94A6A93E18E6B7CA0099B093 /* InfoPlist.strings */; };
		94A6A94218E6B7CA0099B093 /* testTests.m in Sources */ = {isa = PBXBuildFile; fileRef = 94A6A94118E6B7CA0099B093 /* testTests.m */; };
		94A6A94D18E6B8360099B093 /* Security.framework in Frameworks */ = {isa = PBXBuildFile; fileRef = 94A6A94B18E6B8360099B093 /* Security.framework */; };
		94A6A94E18E6B8360099B093 /* SystemConfiguration.framework in Frameworks */ = {isa = PBXBuildFile; fileRef = 94A6A94C18E6B8360099B093 /* SystemConfiguration.framework */; };
		94A6A95918E6BA3A0099B093 /* GTMOAuth2ViewTouch.xib in Resources */ = {isa = PBXBuildFile; fileRef = 94A6A95818E6BA3A0099B093 /* GTMOAuth2ViewTouch.xib */; };
		94A6A95C18E6BA450099B093 /* GTLCommon_Sources.m in Sources */ = {isa = PBXBuildFile; fileRef = 94A6A95A18E6BA450099B093 /* GTLCommon_Sources.m */; settings = {COMPILER_FLAGS = "-fno-objc-arc"; }; };
		94A6A95D18E6BA450099B093 /* GTLNetworking_Sources.m in Sources */ = {isa = PBXBuildFile; fileRef = 94A6A95B18E6BA450099B093 /* GTLNetworking_Sources.m */; settings = {COMPILER_FLAGS = "-fno-objc-arc"; }; };
		94A6A96018E6BA510099B093 /* GTLCalendar_Sources.m in Sources */ = {isa = PBXBuildFile; fileRef = 94A6A95E18E6BA510099B093 /* GTLCalendar_Sources.m */; settings = {COMPILER_FLAGS = "-fno-objc-arc"; }; };
/* End PBXBuildFile section */

/* Begin PBXContainerItemProxy section */
		94A6A93918E6B7CA0099B093 /* PBXContainerItemProxy */ = {
			isa = PBXContainerItemProxy;
			containerPortal = 94A6A90B18E6B7CA0099B093 /* Project object */;
			proxyType = 1;
			remoteGlobalIDString = 94A6A91218E6B7CA0099B093;
			remoteInfo = test;
		};
/* End PBXContainerItemProxy section */

/* Begin PBXFileReference section */
		94741CDF18E6CC2D00753422 /* GTMHTTPFetcherLogging.h */ = {isa = PBXFileReference; lastKnownFileType = sourcecode.c.h; name = GTMHTTPFetcherLogging.h; path = "../../google-api-objectivec-client-read-only/Source/HTTPFetcher/GTMHTTPFetcherLogging.h"; sourceTree = "<group>"; };
		94741CE018E6CCE000753422 /* GTMOAuth2WindowController.h */ = {isa = PBXFileReference; lastKnownFileType = sourcecode.c.h; name = GTMOAuth2WindowController.h; path = "../../google-api-objectivec-client-read-only/Source/OAuth2/Mac/GTMOAuth2WindowController.h"; sourceTree = "<group>"; };
		94741CE118E6CD1500753422 /* GTMOAuth2Authentication.h */ = {isa = PBXFileReference; lastKnownFileType = sourcecode.c.h; name = GTMOAuth2Authentication.h; path = "../../google-api-objectivec-client-read-only/Source/OAuth2/GTMOAuth2Authentication.h"; sourceTree = "<group>"; };
		94741CE218E6CEBA00753422 /* GTMOAuth2ViewControllerTouch.h */ = {isa = PBXFileReference; fileEncoding = 4; lastKnownFileType = sourcecode.c.h; name = GTMOAuth2ViewControllerTouch.h; path = "../../google-api-objectivec-client-read-only/Source/OAuth2/Touch/GTMOAuth2ViewControllerTouch.h"; sourceTree = "<group>"; };
		94741CE318E6CEBA00753422 /* GTMOAuth2ViewTouch.xib */ = {isa = PBXFileReference; fileEncoding = 4; lastKnownFileType = file.xib; name = GTMOAuth2ViewTouch.xib; path = "../../google-api-objectivec-client-read-only/Source/OAuth2/Touch/GTMOAuth2ViewTouch.xib"; sourceTree = "<group>"; };
		94A6A91318E6B7CA0099B093 /* test.app */ = {isa = PBXFileReference; explicitFileType = wrapper.application; includeInIndex = 0; path = test.app; sourceTree = BUILT_PRODUCTS_DIR; };
		94A6A91618E6B7CA0099B093 /* Foundation.framework */ = {isa = PBXFileReference; lastKnownFileType = wrapper.framework; name = Foundation.framework; path = System/Library/Frameworks/Foundation.framework; sourceTree = SDKROOT; };
		94A6A91818E6B7CA0099B093 /* CoreGraphics.framework */ = {isa = PBXFileReference; lastKnownFileType = wrapper.framework; name = CoreGraphics.framework; path = System/Library/Frameworks/CoreGraphics.framework; sourceTree = SDKROOT; };
		94A6A91A18E6B7CA0099B093 /* UIKit.framework */ = {isa = PBXFileReference; lastKnownFileType = wrapper.framework; name = UIKit.framework; path = System/Library/Frameworks/UIKit.framework; sourceTree = SDKROOT; };
		94A6A91E18E6B7CA0099B093 /* test-Info.plist */ = {isa = PBXFileReference; lastKnownFileType = text.plist.xml; path = "test-Info.plist"; sourceTree = "<group>"; };
		94A6A92018E6B7CA0099B093 /* en */ = {isa = PBXFileReference; lastKnownFileType = text.plist.strings; name = en; path = en.lproj/InfoPlist.strings; sourceTree = "<group>"; };
		94A6A92218E6B7CA0099B093 /* main.m */ = {isa = PBXFileReference; lastKnownFileType = sourcecode.c.objc; path = main.m; sourceTree = "<group>"; };
		94A6A92418E6B7CA0099B093 /* test-Prefix.pch */ = {isa = PBXFileReference; lastKnownFileType = sourcecode.c.h; path = "test-Prefix.pch"; sourceTree = "<group>"; };
		94A6A92518E6B7CA0099B093 /* AppDelegate.h */ = {isa = PBXFileReference; lastKnownFileType = sourcecode.c.h; path = AppDelegate.h; sourceTree = "<group>"; };
		94A6A92618E6B7CA0099B093 /* AppDelegate.m */ = {isa = PBXFileReference; lastKnownFileType = sourcecode.c.objc; path = AppDelegate.m; sourceTree = "<group>"; };
		94A6A92918E6B7CA0099B093 /* Base */ = {isa = PBXFileReference; lastKnownFileType = file.storyboard; name = Base; path = Base.lproj/Main.storyboard; sourceTree = "<group>"; };
		94A6A92B18E6B7CA0099B093 /* ViewController.h */ = {isa = PBXFileReference; lastKnownFileType = sourcecode.c.h; path = ViewController.h; sourceTree = "<group>"; };
		94A6A92C18E6B7CA0099B093 /* ViewController.m */ = {isa = PBXFileReference; lastKnownFileType = sourcecode.c.objc; path = ViewController.m; sourceTree = "<group>"; };
		94A6A92E18E6B7CA0099B093 /* Images.xcassets */ = {isa = PBXFileReference; lastKnownFileType = folder.assetcatalog; path = Images.xcassets; sourceTree = "<group>"; };
		94A6A93418E6B7CA0099B093 /* testTests.xctest */ = {isa = PBXFileReference; explicitFileType = wrapper.cfbundle; includeInIndex = 0; path = testTests.xctest; sourceTree = BUILT_PRODUCTS_DIR; };
		94A6A93518E6B7CA0099B093 /* XCTest.framework */ = {isa = PBXFileReference; lastKnownFileType = wrapper.framework; name = XCTest.framework; path = Library/Frameworks/XCTest.framework; sourceTree = DEVELOPER_DIR; };
		94A6A93D18E6B7CA0099B093 /* testTests-Info.plist */ = {isa = PBXFileReference; lastKnownFileType = text.plist.xml; path = "testTests-Info.plist"; sourceTree = "<group>"; };
		94A6A93F18E6B7CA0099B093 /* en */ = {isa = PBXFileReference; lastKnownFileType = text.plist.strings; name = en; path = en.lproj/InfoPlist.strings; sourceTree = "<group>"; };
		94A6A94118E6B7CA0099B093 /* testTests.m */ = {isa = PBXFileReference; lastKnownFileType = sourcecode.c.objc; path = testTests.m; sourceTree = "<group>"; };
		94A6A94B18E6B8360099B093 /* Security.framework */ = {isa = PBXFileReference; lastKnownFileType = wrapper.framework; name = Security.framework; path = System/Library/Frameworks/Security.framework; sourceTree = SDKROOT; };
		94A6A94C18E6B8360099B093 /* SystemConfiguration.framework */ = {isa = PBXFileReference; lastKnownFileType = wrapper.framework; name = SystemConfiguration.framework; path = System/Library/Frameworks/SystemConfiguration.framework; sourceTree = SDKROOT; };
		94A6A95818E6BA3A0099B093 /* GTMOAuth2ViewTouch.xib */ = {isa = PBXFileReference; fileEncoding = 4; lastKnownFileType = file.xib; name = GTMOAuth2ViewTouch.xib; path = "../../google-api-objectivec-client-read-only/Source/OAuth2/Touch/GTMOAuth2ViewTouch.xib"; sourceTree = "<group>"; };
		94A6A95A18E6BA450099B093 /* GTLCommon_Sources.m */ = {isa = PBXFileReference; fileEncoding = 4; lastKnownFileType = sourcecode.c.objc; name = GTLCommon_Sources.m; path = "../../google-api-objectivec-client-read-only/Source/GTLCommon_Sources.m"; sourceTree = "<group>"; };
		94A6A95B18E6BA450099B093 /* GTLNetworking_Sources.m */ = {isa = PBXFileReference; fileEncoding = 4; lastKnownFileType = sourcecode.c.objc; name = GTLNetworking_Sources.m; path = "../../google-api-objectivec-client-read-only/Source/GTLNetworking_Sources.m"; sourceTree = "<group>"; };
		94A6A95E18E6BA510099B093 /* GTLCalendar_Sources.m */ = {isa = PBXFileReference; fileEncoding = 4; lastKnownFileType = sourcecode.c.objc; name = GTLCalendar_Sources.m; path = "../../google-api-objectivec-client-read-only/Source/Services/Calendar/Generated/GTLCalendar_Sources.m"; sourceTree = "<group>"; };
		94A6A95F18E6BA510099B093 /* GTLCalendar.h */ = {isa = PBXFileReference; fileEncoding = 4; lastKnownFileType = sourcecode.c.h; name = GTLCalendar.h; path = "../../google-api-objectivec-client-read-only/Source/Services/Calendar/Generated/GTLCalendar.h"; sourceTree = "<group>"; };
		94A6A96118E6BACE0099B093 /* GTLDefines.h */ = {isa = PBXFileReference; lastKnownFileType = sourcecode.c.h; name = GTLDefines.h; path = "../../google-api-objectivec-client-read-only/Source/GTLDefines.h"; sourceTree = "<group>"; };
		94A6A96218E6BAF70099B093 /* GTLObject.h */ = {isa = PBXFileReference; lastKnownFileType = sourcecode.c.h; name = GTLObject.h; path = "../../google-api-objectivec-client-read-only/Source/Objects/GTLObject.h"; sourceTree = "<group>"; };
		94A6A96318E6BB090099B093 /* GTLUtilities.h */ = {isa = PBXFileReference; lastKnownFileType = sourcecode.c.h; name = GTLUtilities.h; path = "../../google-api-objectivec-client-read-only/Source/Utilities/GTLUtilities.h"; sourceTree = "<group>"; };
		94A6A96418E6BB2C0099B093 /* GTLQuery.h */ = {isa = PBXFileReference; lastKnownFileType = sourcecode.c.h; name = GTLQuery.h; path = "../../google-api-objectivec-client-read-only/Source/Objects/GTLQuery.h"; sourceTree = "<group>"; };
		94A6A96518E6BB3B0099B093 /* GTLService.h */ = {isa = PBXFileReference; lastKnownFileType = sourcecode.c.h; name = GTLService.h; path = "../../google-api-objectivec-client-read-only/Source/Objects/GTLService.h"; sourceTree = "<group>"; };
		94A6A96718E6BB710099B093 /* GTMHTTPFetcherService.h */ = {isa = PBXFileReference; lastKnownFileType = sourcecode.c.h; name = GTMHTTPFetcherService.h; path = "../../google-api-objectivec-client-read-only/Source/HTTPFetcher/GTMHTTPFetcherService.h"; sourceTree = "<group>"; };
		94A6A96818E6BBEE0099B093 /* GTLFramework.h */ = {isa = PBXFileReference; lastKnownFileType = sourcecode.c.h; name = GTLFramework.h; path = "../../google-api-objectivec-client-read-only/Source/Utilities/GTLFramework.h"; sourceTree = "<group>"; };
		94A6A96918E6BC2C0099B093 /* GTLService.h */ = {isa = PBXFileReference; lastKnownFileType = sourcecode.c.h; name = GTLService.h; path = "../../google-api-objectivec-client-read-only/Source/Objects/GTLService.h"; sourceTree = "<group>"; };
		94A6A96A18E6BC540099B093 /* GTLJSONParser.h */ = {isa = PBXFileReference; lastKnownFileType = sourcecode.c.h; name = GTLJSONParser.h; path = "../../google-api-objectivec-client-read-only/Source/Utilities/GTLJSONParser.h"; sourceTree = "<group>"; };
		94A6A96B18E6BCD40099B093 /* GTMHTTPFetcher.h */ = {isa = PBXFileReference; lastKnownFileType = sourcecode.c.h; name = GTMHTTPFetcher.h; path = "../../google-api-objectivec-client-read-only/Source/HTTPFetcher/GTMHTTPFetcher.h"; sourceTree = "<group>"; };
		94A6A96C18E6BCE50099B093 /* GTMOAuth2Authentication.h */ = {isa = PBXFileReference; lastKnownFileType = sourcecode.c.h; name = GTMOAuth2Authentication.h; path = "../../google-api-objectivec-client-read-only/Source/OAuth2/GTMOAuth2Authentication.h"; sourceTree = "<group>"; };
		94A6A96D18E6BCF20099B093 /* GTMOAuth2SignIn.h */ = {isa = PBXFileReference; lastKnownFileType = sourcecode.c.h; name = GTMOAuth2SignIn.h; path = "../../google-api-objectivec-client-read-only/Source/OAuth2/GTMOAuth2SignIn.h"; sourceTree = "<group>"; };
/* End PBXFileReference section */

/* Begin PBXFrameworksBuildPhase section */
		94A6A91018E6B7CA0099B093 /* Frameworks */ = {
			isa = PBXFrameworksBuildPhase;
			buildActionMask = 2147483647;
			files = (
				94A6A94D18E6B8360099B093 /* Security.framework in Frameworks */,
				94A6A94E18E6B8360099B093 /* SystemConfiguration.framework in Frameworks */,
				94A6A91918E6B7CA0099B093 /* CoreGraphics.framework in Frameworks */,
				94A6A91B18E6B7CA0099B093 /* UIKit.framework in Frameworks */,
				94A6A91718E6B7CA0099B093 /* Foundation.framework in Frameworks */,
			);
			runOnlyForDeploymentPostprocessing = 0;
		};
		94A6A93118E6B7CA0099B093 /* Frameworks */ = {
			isa = PBXFrameworksBuildPhase;
			buildActionMask = 2147483647;
			files = (
				94A6A93618E6B7CA0099B093 /* XCTest.framework in Frameworks */,
				94A6A93818E6B7CA0099B093 /* UIKit.framework in Frameworks */,
				94A6A93718E6B7CA0099B093 /* Foundation.framework in Frameworks */,
			);
			runOnlyForDeploymentPostprocessing = 0;
		};
/* End PBXFrameworksBuildPhase section */

/* Begin PBXGroup section */
		94A6A90A18E6B7CA0099B093 = {
			isa = PBXGroup;
			children = (
				94A6A91C18E6B7CA0099B093 /* test */,
				94A6A93B18E6B7CA0099B093 /* testTests */,
				94A6A91518E6B7CA0099B093 /* Frameworks */,
				94A6A91418E6B7CA0099B093 /* Products */,
			);
			sourceTree = "<group>";
		};
		94A6A91418E6B7CA0099B093 /* Products */ = {
			isa = PBXGroup;
			children = (
				94A6A91318E6B7CA0099B093 /* test.app */,
				94A6A93418E6B7CA0099B093 /* testTests.xctest */,
			);
			name = Products;
			sourceTree = "<group>";
		};
		94A6A91518E6B7CA0099B093 /* Frameworks */ = {
			isa = PBXGroup;
			children = (
				94A6A94B18E6B8360099B093 /* Security.framework */,
				94A6A94C18E6B8360099B093 /* SystemConfiguration.framework */,
				94A6A91618E6B7CA0099B093 /* Foundation.framework */,
				94A6A91818E6B7CA0099B093 /* CoreGraphics.framework */,
				94A6A91A18E6B7CA0099B093 /* UIKit.framework */,
				94A6A93518E6B7CA0099B093 /* XCTest.framework */,
			);
			name = Frameworks;
			sourceTree = "<group>";
		};
		94A6A91C18E6B7CA0099B093 /* test */ = {
			isa = PBXGroup;
			children = (
				94A6A92518E6B7CA0099B093 /* AppDelegate.h */,
				94A6A92618E6B7CA0099B093 /* AppDelegate.m */,
				94A6A92818E6B7CA0099B093 /* Main.storyboard */,
				94A6A92B18E6B7CA0099B093 /* ViewController.h */,
				94A6A92C18E6B7CA0099B093 /* ViewController.m */,
				94A6A92E18E6B7CA0099B093 /* Images.xcassets */,
				94A6A91D18E6B7CA0099B093 /* Supporting Files */,
			);
			path = test;
			sourceTree = "<group>";
		};
		94A6A91D18E6B7CA0099B093 /* Supporting Files */ = {
			isa = PBXGroup;
			children = (
				94741CE018E6CCE000753422 /* GTMOAuth2WindowController.h */,
				94741CE218E6CEBA00753422 /* GTMOAuth2ViewControllerTouch.h */,
				94741CE318E6CEBA00753422 /* GTMOAuth2ViewTouch.xib */,
				94741CE118E6CD1500753422 /* GTMOAuth2Authentication.h */,
				94A6A96D18E6BCF20099B093 /* GTMOAuth2SignIn.h */,
				94741CDF18E6CC2D00753422 /* GTMHTTPFetcherLogging.h */,
				94A6A96C18E6BCE50099B093 /* GTMOAuth2Authentication.h */,
				94A6A96B18E6BCD40099B093 /* GTMHTTPFetcher.h */,
				94A6A96A18E6BC540099B093 /* GTLJSONParser.h */,
				94A6A96918E6BC2C0099B093 /* GTLService.h */,
				94A6A96818E6BBEE0099B093 /* GTLFramework.h */,
				94A6A96718E6BB710099B093 /* GTMHTTPFetcherService.h */,
				94A6A96318E6BB090099B093 /* GTLUtilities.h */,
				94A6A96418E6BB2C0099B093 /* GTLQuery.h */,
				94A6A96218E6BAF70099B093 /* GTLObject.h */,
				94A6A96118E6BACE0099B093 /* GTLDefines.h */,
				94A6A95818E6BA3A0099B093 /* GTMOAuth2ViewTouch.xib */,
				94A6A96518E6BB3B0099B093 /* GTLService.h */,
				94A6A95E18E6BA510099B093 /* GTLCalendar_Sources.m */,
				94A6A95F18E6BA510099B093 /* GTLCalendar.h */,
				94A6A91E18E6B7CA0099B093 /* test-Info.plist */,
				94A6A95A18E6BA450099B093 /* GTLCommon_Sources.m */,
				94A6A95B18E6BA450099B093 /* GTLNetworking_Sources.m */,
				94A6A91F18E6B7CA0099B093 /* InfoPlist.strings */,
				94A6A92218E6B7CA0099B093 /* main.m */,
				94A6A92418E6B7CA0099B093 /* test-Prefix.pch */,
			);
			name = "Supporting Files";
			sourceTree = "<group>";
		};
		94A6A93B18E6B7CA0099B093 /* testTests */ = {
			isa = PBXGroup;
			children = (
				94A6A94118E6B7CA0099B093 /* testTests.m */,
				94A6A93C18E6B7CA0099B093 /* Supporting Files */,
			);
			path = testTests;
			sourceTree = "<group>";
		};
		94A6A93C18E6B7CA0099B093 /* Supporting Files */ = {
			isa = PBXGroup;
			children = (
				94A6A93D18E6B7CA0099B093 /* testTests-Info.plist */,
				94A6A93E18E6B7CA0099B093 /* InfoPlist.strings */,
			);
			name = "Supporting Files";
			sourceTree = "<group>";
		};
/* End PBXGroup section */

/* Begin PBXNativeTarget section */
		94A6A91218E6B7CA0099B093 /* test */ = {
			isa = PBXNativeTarget;
			buildConfigurationList = 94A6A94518E6B7CA0099B093 /* Build configuration list for PBXNativeTarget "test" */;
			buildPhases = (
				94A6A90F18E6B7CA0099B093 /* Sources */,
				94A6A91018E6B7CA0099B093 /* Frameworks */,
				94A6A91118E6B7CA0099B093 /* Resources */,
			);
			buildRules = (
			);
			dependencies = (
			);
			name = test;
			productName = test;
			productReference = 94A6A91318E6B7CA0099B093 /* test.app */;
			productType = "com.apple.product-type.application";
		};
		94A6A93318E6B7CA0099B093 /* testTests */ = {
			isa = PBXNativeTarget;
			buildConfigurationList = 94A6A94818E6B7CA0099B093 /* Build configuration list for PBXNativeTarget "testTests" */;
			buildPhases = (
				94A6A93018E6B7CA0099B093 /* Sources */,
				94A6A93118E6B7CA0099B093 /* Frameworks */,
				94A6A93218E6B7CA0099B093 /* Resources */,
			);
			buildRules = (
			);
			dependencies = (
				94A6A93A18E6B7CA0099B093 /* PBXTargetDependency */,
			);
			name = testTests;
			productName = testTests;
			productReference = 94A6A93418E6B7CA0099B093 /* testTests.xctest */;
			productType = "com.apple.product-type.bundle.unit-test";
		};
/* End PBXNativeTarget section */

/* Begin PBXProject section */
		94A6A90B18E6B7CA0099B093 /* Project object */ = {
			isa = PBXProject;
			attributes = {
				LastUpgradeCheck = 0510;
				ORGANIZATIONNAME = A100;
				TargetAttributes = {
					94A6A93318E6B7CA0099B093 = {
						TestTargetID = 94A6A91218E6B7CA0099B093;
					};
				};
			};
			buildConfigurationList = 94A6A90E18E6B7CA0099B093 /* Build configuration list for PBXProject "test" */;
			compatibilityVersion = "Xcode 3.2";
			developmentRegion = English;
			hasScannedForEncodings = 0;
			knownRegions = (
				en,
				Base,
			);
			mainGroup = 94A6A90A18E6B7CA0099B093;
			productRefGroup = 94A6A91418E6B7CA0099B093 /* Products */;
			projectDirPath = "";
			projectRoot = "";
			targets = (
				94A6A91218E6B7CA0099B093 /* test */,
				94A6A93318E6B7CA0099B093 /* testTests */,
			);
		};
/* End PBXProject section */

/* Begin PBXResourcesBuildPhase section */
		94A6A91118E6B7CA0099B093 /* Resources */ = {
			isa = PBXResourcesBuildPhase;
			buildActionMask = 2147483647;
			files = (
				94741CE418E6CEBA00753422 /* GTMOAuth2ViewTouch.xib in Resources */,
				94A6A95918E6BA3A0099B093 /* GTMOAuth2ViewTouch.xib in Resources */,
				94A6A92F18E6B7CA0099B093 /* Images.xcassets in Resources */,
				94A6A92118E6B7CA0099B093 /* InfoPlist.strings in Resources */,
				94A6A92A18E6B7CA0099B093 /* Main.storyboard in Resources */,
			);
			runOnlyForDeploymentPostprocessing = 0;
		};
		94A6A93218E6B7CA0099B093 /* Resources */ = {
			isa = PBXResourcesBuildPhase;
			buildActionMask = 2147483647;
			files = (
				94A6A94018E6B7CA0099B093 /* InfoPlist.strings in Resources */,
			);
			runOnlyForDeploymentPostprocessing = 0;
		};
/* End PBXResourcesBuildPhase section */

/* Begin PBXSourcesBuildPhase section */
		94A6A90F18E6B7CA0099B093 /* Sources */ = {
			isa = PBXSourcesBuildPhase;
			buildActionMask = 2147483647;
			files = (
				94A6A92D18E6B7CA0099B093 /* ViewController.m in Sources */,
				94A6A95C18E6BA450099B093 /* GTLCommon_Sources.m in Sources */,
				94A6A92718E6B7CA0099B093 /* AppDelegate.m in Sources */,
				94A6A92318E6B7CA0099B093 /* main.m in Sources */,
				94A6A96018E6BA510099B093 /* GTLCalendar_Sources.m in Sources */,
				94A6A95D18E6BA450099B093 /* GTLNetworking_Sources.m in Sources */,
			);
			runOnlyForDeploymentPostprocessing = 0;
		};
		94A6A93018E6B7CA0099B093 /* Sources */ = {
			isa = PBXSourcesBuildPhase;
			buildActionMask = 2147483647;
			files = (
				94A6A94218E6B7CA0099B093 /* testTests.m in Sources */,
			);
			runOnlyForDeploymentPostprocessing = 0;
		};
/* End PBXSourcesBuildPhase section */

/* Begin PBXTargetDependency section */
		94A6A93A18E6B7CA0099B093 /* PBXTargetDependency */ = {
			isa = PBXTargetDependency;
			target = 94A6A91218E6B7CA0099B093 /* test */;
			targetProxy = 94A6A93918E6B7CA0099B093 /* PBXContainerItemProxy */;
		};
/* End PBXTargetDependency section */

/* Begin PBXVariantGroup section */
		94A6A91F18E6B7CA0099B093 /* InfoPlist.strings */ = {
			isa = PBXVariantGroup;
			children = (
				94A6A92018E6B7CA0099B093 /* en */,
			);
			name = InfoPlist.strings;
			sourceTree = "<group>";
		};
		94A6A92818E6B7CA0099B093 /* Main.storyboard */ = {
			isa = PBXVariantGroup;
			children = (
				94A6A92918E6B7CA0099B093 /* Base */,
			);
			name = Main.storyboard;
			sourceTree = "<group>";
		};
		94A6A93E18E6B7CA0099B093 /* InfoPlist.strings */ = {
			isa = PBXVariantGroup;
			children = (
				94A6A93F18E6B7CA0099B093 /* en */,
			);
			name = InfoPlist.strings;
			sourceTree = "<group>";
		};
/* End PBXVariantGroup section */

/* Begin XCBuildConfiguration section */
		94A6A94318E6B7CA0099B093 /* Debug */ = {
			isa = XCBuildConfiguration;
			buildSettings = {
				ALWAYS_SEARCH_USER_PATHS = NO;
				CLANG_CXX_LANGUAGE_STANDARD = "gnu++0x";
				CLANG_CXX_LIBRARY = "libc++";
				CLANG_ENABLE_MODULES = YES;
				CLANG_ENABLE_OBJC_ARC = YES;
				CLANG_WARN_BOOL_CONVERSION = YES;
				CLANG_WARN_CONSTANT_CONVERSION = YES;
				CLANG_WARN_DIRECT_OBJC_ISA_USAGE = YES_ERROR;
				CLANG_WARN_EMPTY_BODY = YES;
				CLANG_WARN_ENUM_CONVERSION = YES;
				CLANG_WARN_INT_CONVERSION = YES;
				CLANG_WARN_OBJC_ROOT_CLASS = YES_ERROR;
				CLANG_WARN__DUPLICATE_METHOD_MATCH = YES;
				"CODE_SIGN_IDENTITY[sdk=iphoneos*]" = "iPhone Developer";
				COPY_PHASE_STRIP = NO;
				GCC_C_LANGUAGE_STANDARD = gnu99;
				GCC_DYNAMIC_NO_PIC = NO;
				GCC_OPTIMIZATION_LEVEL = 0;
				GCC_PREPROCESSOR_DEFINITIONS = (
					"DEBUG=1",
					"$(inherited)",
				);
				GCC_SYMBOLS_PRIVATE_EXTERN = NO;
				GCC_WARN_64_TO_32_BIT_CONVERSION = YES;
				GCC_WARN_ABOUT_RETURN_TYPE = YES_ERROR;
				GCC_WARN_UNDECLARED_SELECTOR = YES;
				GCC_WARN_UNINITIALIZED_AUTOS = YES_AGGRESSIVE;
				GCC_WARN_UNUSED_FUNCTION = YES;
				GCC_WARN_UNUSED_VARIABLE = YES;
				IPHONEOS_DEPLOYMENT_TARGET = 7.1;
				ONLY_ACTIVE_ARCH = YES;
				SDKROOT = iphoneos;
			};
			name = Debug;
		};
		94A6A94418E6B7CA0099B093 /* Release */ = {
			isa = XCBuildConfiguration;
			buildSettings = {
				ALWAYS_SEARCH_USER_PATHS = NO;
				CLANG_CXX_LANGUAGE_STANDARD = "gnu++0x";
				CLANG_CXX_LIBRARY = "libc++";
				CLANG_ENABLE_MODULES = YES;
				CLANG_ENABLE_OBJC_ARC = YES;
				CLANG_WARN_BOOL_CONVERSION = YES;
				CLANG_WARN_CONSTANT_CONVERSION = YES;
				CLANG_WARN_DIRECT_OBJC_ISA_USAGE = YES_ERROR;
				CLANG_WARN_EMPTY_BODY = YES;
				CLANG_WARN_ENUM_CONVERSION = YES;
				CLANG_WARN_INT_CONVERSION = YES;
				CLANG_WARN_OBJC_ROOT_CLASS = YES_ERROR;
				CLANG_WARN__DUPLICATE_METHOD_MATCH = YES;
				"CODE_SIGN_IDENTITY[sdk=iphoneos*]" = "iPhone Developer";
				COPY_PHASE_STRIP = YES;
				ENABLE_NS_ASSERTIONS = NO;
				GCC_C_LANGUAGE_STANDARD = gnu99;
				GCC_WARN_64_TO_32_BIT_CONVERSION = YES;
				GCC_WARN_ABOUT_RETURN_TYPE = YES_ERROR;
				GCC_WARN_UNDECLARED_SELECTOR = YES;
				GCC_WARN_UNINITIALIZED_AUTOS = YES_AGGRESSIVE;
				GCC_WARN_UNUSED_FUNCTION = YES;
				GCC_WARN_UNUSED_VARIABLE = YES;
				IPHONEOS_DEPLOYMENT_TARGET = 7.1;
				SDKROOT = iphoneos;
				VALIDATE_PRODUCT = YES;
			};
			name = Release;
		};
		94A6A94618E6B7CA0099B093 /* Debug */ = {
			isa = XCBuildConfiguration;
			buildSettings = {
				ASSETCATALOG_COMPILER_APPICON_NAME = AppIcon;
				ASSETCATALOG_COMPILER_LAUNCHIMAGE_NAME = LaunchImage;
				GCC_PRECOMPILE_PREFIX_HEADER = YES;
				GCC_PREFIX_HEADER = "test/test-Prefix.pch";
				INFOPLIST_FILE = "test/test-Info.plist";
				OTHER_LDFLAGS = (
					"-ObjC",
					"-all_load",
				);
				PRODUCT_NAME = "$(TARGET_NAME)";
				WRAPPER_EXTENSION = app;
			};
			name = Debug;
		};
		94A6A94718E6B7CA0099B093 /* Release */ = {
			isa = XCBuildConfiguration;
			buildSettings = {
				ASSETCATALOG_COMPILER_APPICON_NAME = AppIcon;
				ASSETCATALOG_COMPILER_LAUNCHIMAGE_NAME = LaunchImage;
				GCC_PRECOMPILE_PREFIX_HEADER = YES;
				GCC_PREFIX_HEADER = "test/test-Prefix.pch";
				INFOPLIST_FILE = "test/test-Info.plist";
				OTHER_LDFLAGS = (
					"-ObjC",
					"-all_load",
				);
				PRODUCT_NAME = "$(TARGET_NAME)";
				WRAPPER_EXTENSION = app;
			};
			name = Release;
		};
		94A6A94918E6B7CA0099B093 /* Debug */ = {
			isa = XCBuildConfiguration;
			buildSettings = {
				BUNDLE_LOADER = "$(BUILT_PRODUCTS_DIR)/test.app/test";
				FRAMEWORK_SEARCH_PATHS = (
					"$(SDKROOT)/Developer/Library/Frameworks",
					"$(inherited)",
					"$(DEVELOPER_FRAMEWORKS_DIR)",
				);
				GCC_PRECOMPILE_PREFIX_HEADER = YES;
				GCC_PREFIX_HEADER = "test/test-Prefix.pch";
				GCC_PREPROCESSOR_DEFINITIONS = (
					"DEBUG=1",
					"$(inherited)",
				);
				INFOPLIST_FILE = "testTests/testTests-Info.plist";
				PRODUCT_NAME = "$(TARGET_NAME)";
				TEST_HOST = "$(BUNDLE_LOADER)";
				WRAPPER_EXTENSION = xctest;
			};
			name = Debug;
		};
		94A6A94A18E6B7CA0099B093 /* Release */ = {
			isa = XCBuildConfiguration;
			buildSettings = {
				BUNDLE_LOADER = "$(BUILT_PRODUCTS_DIR)/test.app/test";
				FRAMEWORK_SEARCH_PATHS = (
					"$(SDKROOT)/Developer/Library/Frameworks",
					"$(inherited)",
					"$(DEVELOPER_FRAMEWORKS_DIR)",
				);
				GCC_PRECOMPILE_PREFIX_HEADER = YES;
				GCC_PREFIX_HEADER = "test/test-Prefix.pch";
				INFOPLIST_FILE = "testTests/testTests-Info.plist";
				PRODUCT_NAME = "$(TARGET_NAME)";
				TEST_HOST = "$(BUNDLE_LOADER)";
				WRAPPER_EXTENSION = xctest;
			};
			name = Release;
		};
/* End XCBuildConfiguration section */

/* Begin XCConfigurationList section */
		94A6A90E18E6B7CA0099B093 /* Build configuration list for PBXProject "test" */ = {
			isa = XCConfigurationList;
			buildConfigurations = (
				94A6A94318E6B7CA0099B093 /* Debug */,
				94A6A94418E6B7CA0099B093 /* Release */,
			);
			defaultConfigurationIsVisible = 0;
			defaultConfigurationName = Release;
		};
		94A6A94518E6B7CA0099B093 /* Build configuration list for PBXNativeTarget "test" */ = {
			isa = XCConfigurationList;
			buildConfigurations = (
				94A6A94618E6B7CA0099B093 /* Debug */,
				94A6A94718E6B7CA0099B093 /* Release */,
			);
			defaultConfigurationIsVisible = 0;
			defaultConfigurationName = Release;
		};
		94A6A94818E6B7CA0099B093 /* Build configuration list for PBXNativeTarget "testTests" */ = {
			isa = XCConfigurationList;
			buildConfigurations = (
				94A6A94918E6B7CA0099B093 /* Debug */,
				94A6A94A18E6B7CA0099B093 /* Release */,
			);
			defaultConfigurationIsVisible = 0;
			defaultConfigurationName = Release;
		};
/* End XCConfigurationList section */
	};
	rootObject = 94A6A90B18E6B7CA0099B093 /* Project object */;
}
